// !$*UTF8*$!
{
	archiveVersion = 1;
	classes = {
	};
	objectVersion = 46;
	objects = {

/* Begin PBXBuildFile section */
		479DEF681B03D03D001DB621 /* ofxCvColorImage.cpp in Sources */ = {isa = PBXBuildFile; fileRef = 479DEEF11B03D03D001DB621 /* ofxCvColorImage.cpp */; };
		479DEF691B03D03D001DB621 /* ofxCvContourFinder.cpp in Sources */ = {isa = PBXBuildFile; fileRef = 479DEEF41B03D03D001DB621 /* ofxCvContourFinder.cpp */; };
		479DEF6A1B03D03D001DB621 /* ofxCvFloatImage.cpp in Sources */ = {isa = PBXBuildFile; fileRef = 479DEEF61B03D03D001DB621 /* ofxCvFloatImage.cpp */; };
		479DEF6B1B03D03D001DB621 /* ofxCvGrayscaleImage.cpp in Sources */ = {isa = PBXBuildFile; fileRef = 479DEEF81B03D03D001DB621 /* ofxCvGrayscaleImage.cpp */; };
		479DEF6C1B03D03D001DB621 /* ofxCvHaarFinder.cpp in Sources */ = {isa = PBXBuildFile; fileRef = 479DEEFA1B03D03D001DB621 /* ofxCvHaarFinder.cpp */; };
		479DEF6D1B03D03D001DB621 /* ofxCvImage.cpp in Sources */ = {isa = PBXBuildFile; fileRef = 479DEEFC1B03D03D001DB621 /* ofxCvImage.cpp */; };
		479DEF6E1B03D03D001DB621 /* ofxCvShortImage.cpp in Sources */ = {isa = PBXBuildFile; fileRef = 479DEEFE1B03D03D001DB621 /* ofxCvShortImage.cpp */; };
		479DEF6F1B03D03D001DB621 /* opencv.a in Frameworks */ = {isa = PBXBuildFile; fileRef = 479DEF671B03D03D001DB621 /* opencv.a */; };
		479DEF9A1B03D042001DB621 /* ETF.cpp in Sources */ = {isa = PBXBuildFile; fileRef = 479DEF7D1B03D042001DB621 /* ETF.cpp */; };
		479DEF9B1B03D042001DB621 /* fdog.cpp in Sources */ = {isa = PBXBuildFile; fileRef = 479DEF7E1B03D042001DB621 /* fdog.cpp */; };
		479DEF9C1B03D042001DB621 /* Calibration.cpp in Sources */ = {isa = PBXBuildFile; fileRef = 479DEF8E1B03D042001DB621 /* Calibration.cpp */; };
		479DEF9D1B03D042001DB621 /* ContourFinder.cpp in Sources */ = {isa = PBXBuildFile; fileRef = 479DEF8F1B03D042001DB621 /* ContourFinder.cpp */; };
		479DEF9E1B03D042001DB621 /* Distance.cpp in Sources */ = {isa = PBXBuildFile; fileRef = 479DEF901B03D042001DB621 /* Distance.cpp */; };
		479DEF9F1B03D042001DB621 /* Flow.cpp in Sources */ = {isa = PBXBuildFile; fileRef = 479DEF911B03D042001DB621 /* Flow.cpp */; };
		479DEFA01B03D042001DB621 /* Helpers.cpp in Sources */ = {isa = PBXBuildFile; fileRef = 479DEF921B03D042001DB621 /* Helpers.cpp */; };
		479DEFA11B03D042001DB621 /* Kalman.cpp in Sources */ = {isa = PBXBuildFile; fileRef = 479DEF931B03D042001DB621 /* Kalman.cpp */; };
		479DEFA21B03D042001DB621 /* ObjectFinder.cpp in Sources */ = {isa = PBXBuildFile; fileRef = 479DEF941B03D042001DB621 /* ObjectFinder.cpp */; };
		479DEFA31B03D042001DB621 /* RunningBackground.cpp in Sources */ = {isa = PBXBuildFile; fileRef = 479DEF951B03D042001DB621 /* RunningBackground.cpp */; };
		479DEFA41B03D042001DB621 /* Tracker.cpp in Sources */ = {isa = PBXBuildFile; fileRef = 479DEF961B03D042001DB621 /* Tracker.cpp */; };
		479DEFA51B03D042001DB621 /* Utilities.cpp in Sources */ = {isa = PBXBuildFile; fileRef = 479DEF971B03D042001DB621 /* Utilities.cpp */; };
		479DEFA61B03D042001DB621 /* Wrappers.cpp in Sources */ = {isa = PBXBuildFile; fileRef = 479DEF981B03D042001DB621 /* Wrappers.cpp */; };
		479DEFA71B03D042001DB621 /* opencv.a in Frameworks */ = {isa = PBXBuildFile; fileRef = 479DEF991B03D042001DB621 /* opencv.a */; };
		479DF0491B03F8D5001DB621 /* ofxOscBundle.cpp in Sources */ = {isa = PBXBuildFile; fileRef = 479DF0221B03F8D5001DB621 /* ofxOscBundle.cpp */; };
		479DF04A1B03F8D5001DB621 /* ofxOscMessage.cpp in Sources */ = {isa = PBXBuildFile; fileRef = 479DF0241B03F8D5001DB621 /* ofxOscMessage.cpp */; };
		479DF04B1B03F8D5001DB621 /* ofxOscParameterSync.cpp in Sources */ = {isa = PBXBuildFile; fileRef = 479DF0261B03F8D5001DB621 /* ofxOscParameterSync.cpp */; };
		479DF04C1B03F8D5001DB621 /* ofxOscReceiver.cpp in Sources */ = {isa = PBXBuildFile; fileRef = 479DF0281B03F8D5001DB621 /* ofxOscReceiver.cpp */; };
		479DF04D1B03F8D5001DB621 /* ofxOscSender.cpp in Sources */ = {isa = PBXBuildFile; fileRef = 479DF02A1B03F8D5001DB621 /* ofxOscSender.cpp */; };
		479DF04E1B03F8D5001DB621 /* IpEndpointName.cpp in Sources */ = {isa = PBXBuildFile; fileRef = 479DF0301B03F8D5001DB621 /* IpEndpointName.cpp */; };
		479DF04F1B03F8D5001DB621 /* NetworkingUtils.cpp in Sources */ = {isa = PBXBuildFile; fileRef = 479DF0351B03F8D5001DB621 /* NetworkingUtils.cpp */; };
		479DF0501B03F8D5001DB621 /* UdpSocket.cpp in Sources */ = {isa = PBXBuildFile; fileRef = 479DF0361B03F8D5001DB621 /* UdpSocket.cpp */; };
		479DF0511B03F8D5001DB621 /* OscOutboundPacketStream.cpp in Sources */ = {isa = PBXBuildFile; fileRef = 479DF0401B03F8D5001DB621 /* OscOutboundPacketStream.cpp */; };
		479DF0521B03F8D5001DB621 /* OscPrintReceivedElements.cpp in Sources */ = {isa = PBXBuildFile; fileRef = 479DF0431B03F8D5001DB621 /* OscPrintReceivedElements.cpp */; };
		479DF0531B03F8D5001DB621 /* OscReceivedElements.cpp in Sources */ = {isa = PBXBuildFile; fileRef = 479DF0451B03F8D5001DB621 /* OscReceivedElements.cpp */; };
		479DF0541B03F8D5001DB621 /* OscTypes.cpp in Sources */ = {isa = PBXBuildFile; fileRef = 479DF0471B03F8D5001DB621 /* OscTypes.cpp */; };
		47B2F1D11B095A68007476D8 /* ofxBaseGui.cpp in Sources */ = {isa = PBXBuildFile; fileRef = 47B2F1C01B095A68007476D8 /* ofxBaseGui.cpp */; };
		47B2F1D21B095A68007476D8 /* ofxButton.cpp in Sources */ = {isa = PBXBuildFile; fileRef = 47B2F1C21B095A68007476D8 /* ofxButton.cpp */; };
		47B2F1D31B095A68007476D8 /* ofxGuiGroup.cpp in Sources */ = {isa = PBXBuildFile; fileRef = 47B2F1C51B095A68007476D8 /* ofxGuiGroup.cpp */; };
		47B2F1D41B095A68007476D8 /* ofxLabel.cpp in Sources */ = {isa = PBXBuildFile; fileRef = 47B2F1C71B095A68007476D8 /* ofxLabel.cpp */; };
		47B2F1D51B095A68007476D8 /* ofxPanel.cpp in Sources */ = {isa = PBXBuildFile; fileRef = 47B2F1C91B095A68007476D8 /* ofxPanel.cpp */; };
		47B2F1D61B095A68007476D8 /* ofxSlider.cpp in Sources */ = {isa = PBXBuildFile; fileRef = 47B2F1CB1B095A68007476D8 /* ofxSlider.cpp */; };
		47B2F1D71B095A68007476D8 /* ofxSliderGroup.cpp in Sources */ = {isa = PBXBuildFile; fileRef = 47B2F1CD1B095A68007476D8 /* ofxSliderGroup.cpp */; };
		47B2F1D81B095A68007476D8 /* ofxToggle.cpp in Sources */ = {isa = PBXBuildFile; fileRef = 47B2F1CF1B095A68007476D8 /* ofxToggle.cpp */; };
		47B2F1E81B095E32007476D8 /* jsonxx.cc in Sources */ = {isa = PBXBuildFile; fileRef = 47B2F1E51B095E32007476D8 /* jsonxx.cc */; };
		BBAB23CB13894F3D00AA2426 /* GLUT.framework in CopyFiles */ = {isa = PBXBuildFile; fileRef = BBAB23BE13894E4700AA2426 /* GLUT.framework */; };
		E4328149138ABC9F0047C5CB /* openFrameworksDebug.a in Frameworks */ = {isa = PBXBuildFile; fileRef = E4328148138ABC890047C5CB /* openFrameworksDebug.a */; };
		E45BE97B0E8CC7DD009D7055 /* AGL.framework in Frameworks */ = {isa = PBXBuildFile; fileRef = E45BE9710E8CC7DD009D7055 /* AGL.framework */; };
		E45BE97C0E8CC7DD009D7055 /* ApplicationServices.framework in Frameworks */ = {isa = PBXBuildFile; fileRef = E45BE9720E8CC7DD009D7055 /* ApplicationServices.framework */; };
		E45BE97D0E8CC7DD009D7055 /* AudioToolbox.framework in Frameworks */ = {isa = PBXBuildFile; fileRef = E45BE9730E8CC7DD009D7055 /* AudioToolbox.framework */; };
		E45BE97F0E8CC7DD009D7055 /* CoreAudio.framework in Frameworks */ = {isa = PBXBuildFile; fileRef = E45BE9750E8CC7DD009D7055 /* CoreAudio.framework */; };
		E45BE9800E8CC7DD009D7055 /* CoreFoundation.framework in Frameworks */ = {isa = PBXBuildFile; fileRef = E45BE9760E8CC7DD009D7055 /* CoreFoundation.framework */; };
		E45BE9810E8CC7DD009D7055 /* CoreServices.framework in Frameworks */ = {isa = PBXBuildFile; fileRef = E45BE9770E8CC7DD009D7055 /* CoreServices.framework */; };
		E45BE9830E8CC7DD009D7055 /* OpenGL.framework in Frameworks */ = {isa = PBXBuildFile; fileRef = E45BE9790E8CC7DD009D7055 /* OpenGL.framework */; };
		E45BE9840E8CC7DD009D7055 /* QuickTime.framework in Frameworks */ = {isa = PBXBuildFile; fileRef = E45BE97A0E8CC7DD009D7055 /* QuickTime.framework */; };
		E4B69E200A3A1BDC003C02F2 /* main.cpp in Sources */ = {isa = PBXBuildFile; fileRef = E4B69E1D0A3A1BDC003C02F2 /* main.cpp */; };
		E4C2424710CC5A17004149E2 /* AppKit.framework in Frameworks */ = {isa = PBXBuildFile; fileRef = E4C2424410CC5A17004149E2 /* AppKit.framework */; };
		E4C2424810CC5A17004149E2 /* Cocoa.framework in Frameworks */ = {isa = PBXBuildFile; fileRef = E4C2424510CC5A17004149E2 /* Cocoa.framework */; };
		E4C2424910CC5A17004149E2 /* IOKit.framework in Frameworks */ = {isa = PBXBuildFile; fileRef = E4C2424610CC5A17004149E2 /* IOKit.framework */; };
		E4EB6799138ADC1D00A09F29 /* GLUT.framework in Frameworks */ = {isa = PBXBuildFile; fileRef = BBAB23BE13894E4700AA2426 /* GLUT.framework */; };
		E7E077E515D3B63C0020DFD4 /* CoreVideo.framework in Frameworks */ = {isa = PBXBuildFile; fileRef = E7E077E415D3B63C0020DFD4 /* CoreVideo.framework */; };
		E7E077E815D3B6510020DFD4 /* QTKit.framework in Frameworks */ = {isa = PBXBuildFile; fileRef = E7E077E715D3B6510020DFD4 /* QTKit.framework */; };
		E7F985F815E0DEA3003869B5 /* Accelerate.framework in Frameworks */ = {isa = PBXBuildFile; fileRef = E7F985F515E0DE99003869B5 /* Accelerate.framework */; };
/* End PBXBuildFile section */

/* Begin PBXContainerItemProxy section */
		E4328147138ABC890047C5CB /* PBXContainerItemProxy */ = {
			isa = PBXContainerItemProxy;
			containerPortal = E4328143138ABC890047C5CB /* openFrameworksLib.xcodeproj */;
			proxyType = 2;
			remoteGlobalIDString = E4B27C1510CBEB8E00536013;
			remoteInfo = openFrameworks;
		};
		E4EEB9AB138B136A00A80321 /* PBXContainerItemProxy */ = {
			isa = PBXContainerItemProxy;
			containerPortal = E4328143138ABC890047C5CB /* openFrameworksLib.xcodeproj */;
			proxyType = 1;
			remoteGlobalIDString = E4B27C1410CBEB8E00536013;
			remoteInfo = openFrameworks;
		};
/* End PBXContainerItemProxy section */

/* Begin PBXCopyFilesBuildPhase section */
		E4C2427710CC5ABF004149E2 /* CopyFiles */ = {
			isa = PBXCopyFilesBuildPhase;
			buildActionMask = 2147483647;
			dstPath = "";
			dstSubfolderSpec = 10;
			files = (
				BBAB23CB13894F3D00AA2426 /* GLUT.framework in CopyFiles */,
			);
			runOnlyForDeploymentPostprocessing = 0;
		};
/* End PBXCopyFilesBuildPhase section */

/* Begin PBXFileReference section */
		479DEEF01B03D03D001DB621 /* ofxCvBlob.h */ = {isa = PBXFileReference; lastKnownFileType = sourcecode.c.h; path = ofxCvBlob.h; sourceTree = "<group>"; };
		479DEEF11B03D03D001DB621 /* ofxCvColorImage.cpp */ = {isa = PBXFileReference; lastKnownFileType = sourcecode.cpp.cpp; path = ofxCvColorImage.cpp; sourceTree = "<group>"; };
		479DEEF21B03D03D001DB621 /* ofxCvColorImage.h */ = {isa = PBXFileReference; lastKnownFileType = sourcecode.c.h; path = ofxCvColorImage.h; sourceTree = "<group>"; };
		479DEEF31B03D03D001DB621 /* ofxCvConstants.h */ = {isa = PBXFileReference; lastKnownFileType = sourcecode.c.h; path = ofxCvConstants.h; sourceTree = "<group>"; };
		479DEEF41B03D03D001DB621 /* ofxCvContourFinder.cpp */ = {isa = PBXFileReference; lastKnownFileType = sourcecode.cpp.cpp; path = ofxCvContourFinder.cpp; sourceTree = "<group>"; };
		479DEEF51B03D03D001DB621 /* ofxCvContourFinder.h */ = {isa = PBXFileReference; lastKnownFileType = sourcecode.c.h; path = ofxCvContourFinder.h; sourceTree = "<group>"; };
		479DEEF61B03D03D001DB621 /* ofxCvFloatImage.cpp */ = {isa = PBXFileReference; lastKnownFileType = sourcecode.cpp.cpp; path = ofxCvFloatImage.cpp; sourceTree = "<group>"; };
		479DEEF71B03D03D001DB621 /* ofxCvFloatImage.h */ = {isa = PBXFileReference; lastKnownFileType = sourcecode.c.h; path = ofxCvFloatImage.h; sourceTree = "<group>"; };
		479DEEF81B03D03D001DB621 /* ofxCvGrayscaleImage.cpp */ = {isa = PBXFileReference; lastKnownFileType = sourcecode.cpp.cpp; path = ofxCvGrayscaleImage.cpp; sourceTree = "<group>"; };
		479DEEF91B03D03D001DB621 /* ofxCvGrayscaleImage.h */ = {isa = PBXFileReference; lastKnownFileType = sourcecode.c.h; path = ofxCvGrayscaleImage.h; sourceTree = "<group>"; };
		479DEEFA1B03D03D001DB621 /* ofxCvHaarFinder.cpp */ = {isa = PBXFileReference; lastKnownFileType = sourcecode.cpp.cpp; path = ofxCvHaarFinder.cpp; sourceTree = "<group>"; };
		479DEEFB1B03D03D001DB621 /* ofxCvHaarFinder.h */ = {isa = PBXFileReference; lastKnownFileType = sourcecode.c.h; path = ofxCvHaarFinder.h; sourceTree = "<group>"; };
		479DEEFC1B03D03D001DB621 /* ofxCvImage.cpp */ = {isa = PBXFileReference; lastKnownFileType = sourcecode.cpp.cpp; path = ofxCvImage.cpp; sourceTree = "<group>"; };
		479DEEFD1B03D03D001DB621 /* ofxCvImage.h */ = {isa = PBXFileReference; lastKnownFileType = sourcecode.c.h; path = ofxCvImage.h; sourceTree = "<group>"; };
		479DEEFE1B03D03D001DB621 /* ofxCvShortImage.cpp */ = {isa = PBXFileReference; lastKnownFileType = sourcecode.cpp.cpp; path = ofxCvShortImage.cpp; sourceTree = "<group>"; };
		479DEEFF1B03D03D001DB621 /* ofxCvShortImage.h */ = {isa = PBXFileReference; lastKnownFileType = sourcecode.c.h; path = ofxCvShortImage.h; sourceTree = "<group>"; };
		479DEF001B03D03D001DB621 /* ofxOpenCv.h */ = {isa = PBXFileReference; lastKnownFileType = sourcecode.c.h; path = ofxOpenCv.h; sourceTree = "<group>"; };
		479DEF051B03D03D001DB621 /* cv.h */ = {isa = PBXFileReference; lastKnownFileType = sourcecode.c.h; path = cv.h; sourceTree = "<group>"; };
		479DEF061B03D03D001DB621 /* cv.hpp */ = {isa = PBXFileReference; lastKnownFileType = sourcecode.cpp.h; path = cv.hpp; sourceTree = "<group>"; };
		479DEF071B03D03D001DB621 /* cvaux.h */ = {isa = PBXFileReference; lastKnownFileType = sourcecode.c.h; path = cvaux.h; sourceTree = "<group>"; };
		479DEF081B03D03D001DB621 /* cvaux.hpp */ = {isa = PBXFileReference; lastKnownFileType = sourcecode.cpp.h; path = cvaux.hpp; sourceTree = "<group>"; };
		479DEF091B03D03D001DB621 /* cvwimage.h */ = {isa = PBXFileReference; lastKnownFileType = sourcecode.c.h; path = cvwimage.h; sourceTree = "<group>"; };
		479DEF0A1B03D03D001DB621 /* cxcore.h */ = {isa = PBXFileReference; lastKnownFileType = sourcecode.c.h; path = cxcore.h; sourceTree = "<group>"; };
		479DEF0B1B03D03D001DB621 /* cxcore.hpp */ = {isa = PBXFileReference; lastKnownFileType = sourcecode.cpp.h; path = cxcore.hpp; sourceTree = "<group>"; };
		479DEF0C1B03D03D001DB621 /* cxeigen.hpp */ = {isa = PBXFileReference; lastKnownFileType = sourcecode.cpp.h; path = cxeigen.hpp; sourceTree = "<group>"; };
		479DEF0D1B03D03D001DB621 /* cxmisc.h */ = {isa = PBXFileReference; lastKnownFileType = sourcecode.c.h; path = cxmisc.h; sourceTree = "<group>"; };
		479DEF0E1B03D03D001DB621 /* highgui.h */ = {isa = PBXFileReference; lastKnownFileType = sourcecode.c.h; path = highgui.h; sourceTree = "<group>"; };
		479DEF0F1B03D03D001DB621 /* ml.h */ = {isa = PBXFileReference; lastKnownFileType = sourcecode.c.h; path = ml.h; sourceTree = "<group>"; };
		479DEF121B03D03D001DB621 /* calib3d.hpp */ = {isa = PBXFileReference; lastKnownFileType = sourcecode.cpp.h; path = calib3d.hpp; sourceTree = "<group>"; };
		479DEF141B03D03D001DB621 /* contrib.hpp */ = {isa = PBXFileReference; lastKnownFileType = sourcecode.cpp.h; path = contrib.hpp; sourceTree = "<group>"; };
		479DEF151B03D03D001DB621 /* retina.hpp */ = {isa = PBXFileReference; lastKnownFileType = sourcecode.cpp.h; path = retina.hpp; sourceTree = "<group>"; };
		479DEF171B03D03D001DB621 /* core.hpp */ = {isa = PBXFileReference; lastKnownFileType = sourcecode.cpp.h; path = core.hpp; sourceTree = "<group>"; };
		479DEF181B03D03D001DB621 /* core_c.h */ = {isa = PBXFileReference; lastKnownFileType = sourcecode.c.h; path = core_c.h; sourceTree = "<group>"; };
		479DEF191B03D03D001DB621 /* eigen.hpp */ = {isa = PBXFileReference; lastKnownFileType = sourcecode.cpp.h; path = eigen.hpp; sourceTree = "<group>"; };
		479DEF1A1B03D03D001DB621 /* internal.hpp */ = {isa = PBXFileReference; lastKnownFileType = sourcecode.cpp.h; path = internal.hpp; sourceTree = "<group>"; };
		479DEF1B1B03D03D001DB621 /* mat.hpp */ = {isa = PBXFileReference; lastKnownFileType = sourcecode.cpp.h; path = mat.hpp; sourceTree = "<group>"; };
		479DEF1C1B03D03D001DB621 /* operations.hpp */ = {isa = PBXFileReference; lastKnownFileType = sourcecode.cpp.h; path = operations.hpp; sourceTree = "<group>"; };
		479DEF1D1B03D03D001DB621 /* types_c.h */ = {isa = PBXFileReference; lastKnownFileType = sourcecode.c.h; path = types_c.h; sourceTree = "<group>"; };
		479DEF1E1B03D03D001DB621 /* version.hpp */ = {isa = PBXFileReference; lastKnownFileType = sourcecode.cpp.h; path = version.hpp; sourceTree = "<group>"; };
		479DEF1F1B03D03D001DB621 /* wimage.hpp */ = {isa = PBXFileReference; lastKnownFileType = sourcecode.cpp.h; path = wimage.hpp; sourceTree = "<group>"; };
		479DEF211B03D03D001DB621 /* features2d.hpp */ = {isa = PBXFileReference; lastKnownFileType = sourcecode.cpp.h; path = features2d.hpp; sourceTree = "<group>"; };
		479DEF231B03D03D001DB621 /* all_indices.h */ = {isa = PBXFileReference; lastKnownFileType = sourcecode.c.h; path = all_indices.h; sourceTree = "<group>"; };
		479DEF241B03D03D001DB621 /* allocator.h */ = {isa = PBXFileReference; lastKnownFileType = sourcecode.c.h; path = allocator.h; sourceTree = "<group>"; };
		479DEF251B03D03D001DB621 /* any.h */ = {isa = PBXFileReference; lastKnownFileType = sourcecode.c.h; path = any.h; sourceTree = "<group>"; };
		479DEF261B03D03D001DB621 /* autotuned_index.h */ = {isa = PBXFileReference; lastKnownFileType = sourcecode.c.h; path = autotuned_index.h; sourceTree = "<group>"; };
		479DEF271B03D03D001DB621 /* composite_index.h */ = {isa = PBXFileReference; lastKnownFileType = sourcecode.c.h; path = composite_index.h; sourceTree = "<group>"; };
		479DEF281B03D03D001DB621 /* config.h */ = {isa = PBXFileReference; lastKnownFileType = sourcecode.c.h; path = config.h; sourceTree = "<group>"; };
		479DEF291B03D03D001DB621 /* defines.h */ = {isa = PBXFileReference; lastKnownFileType = sourcecode.c.h; path = defines.h; sourceTree = "<group>"; };
		479DEF2A1B03D03D001DB621 /* dist.h */ = {isa = PBXFileReference; lastKnownFileType = sourcecode.c.h; path = dist.h; sourceTree = "<group>"; };
		479DEF2B1B03D03D001DB621 /* dummy.h */ = {isa = PBXFileReference; lastKnownFileType = sourcecode.c.h; path = dummy.h; sourceTree = "<group>"; };
		479DEF2C1B03D03D001DB621 /* dynamic_bitset.h */ = {isa = PBXFileReference; lastKnownFileType = sourcecode.c.h; path = dynamic_bitset.h; sourceTree = "<group>"; };
		479DEF2D1B03D03D001DB621 /* flann.hpp */ = {isa = PBXFileReference; lastKnownFileType = sourcecode.cpp.h; path = flann.hpp; sourceTree = "<group>"; };
		479DEF2E1B03D03D001DB621 /* flann_base.hpp */ = {isa = PBXFileReference; lastKnownFileType = sourcecode.cpp.h; path = flann_base.hpp; sourceTree = "<group>"; };
		479DEF2F1B03D03D001DB621 /* general.h */ = {isa = PBXFileReference; lastKnownFileType = sourcecode.c.h; path = general.h; sourceTree = "<group>"; };
		479DEF301B03D03D001DB621 /* ground_truth.h */ = {isa = PBXFileReference; lastKnownFileType = sourcecode.c.h; path = ground_truth.h; sourceTree = "<group>"; };
		479DEF311B03D03D001DB621 /* hdf5.h */ = {isa = PBXFileReference; lastKnownFileType = sourcecode.c.h; path = hdf5.h; sourceTree = "<group>"; };
		479DEF321B03D03D001DB621 /* heap.h */ = {isa = PBXFileReference; lastKnownFileType = sourcecode.c.h; path = heap.h; sourceTree = "<group>"; };
		479DEF331B03D03D001DB621 /* hierarchical_clustering_index.h */ = {isa = PBXFileReference; lastKnownFileType = sourcecode.c.h; path = hierarchical_clustering_index.h; sourceTree = "<group>"; };
		479DEF341B03D03D001DB621 /* index_testing.h */ = {isa = PBXFileReference; lastKnownFileType = sourcecode.c.h; path = index_testing.h; sourceTree = "<group>"; };
		479DEF351B03D03D001DB621 /* kdtree_index.h */ = {isa = PBXFileReference; lastKnownFileType = sourcecode.c.h; path = kdtree_index.h; sourceTree = "<group>"; };
		479DEF361B03D03D001DB621 /* kdtree_single_index.h */ = {isa = PBXFileReference; lastKnownFileType = sourcecode.c.h; path = kdtree_single_index.h; sourceTree = "<group>"; };
		479DEF371B03D03D001DB621 /* kmeans_index.h */ = {isa = PBXFileReference; lastKnownFileType = sourcecode.c.h; path = kmeans_index.h; sourceTree = "<group>"; };
		479DEF381B03D03D001DB621 /* linear_index.h */ = {isa = PBXFileReference; lastKnownFileType = sourcecode.c.h; path = linear_index.h; sourceTree = "<group>"; };
		479DEF391B03D03D001DB621 /* logger.h */ = {isa = PBXFileReference; lastKnownFileType = sourcecode.c.h; path = logger.h; sourceTree = "<group>"; };
		479DEF3A1B03D03D001DB621 /* lsh_index.h */ = {isa = PBXFileReference; lastKnownFileType = sourcecode.c.h; path = lsh_index.h; sourceTree = "<group>"; };
		479DEF3B1B03D03D001DB621 /* lsh_table.h */ = {isa = PBXFileReference; lastKnownFileType = sourcecode.c.h; path = lsh_table.h; sourceTree = "<group>"; };
		479DEF3C1B03D03D001DB621 /* matrix.h */ = {isa = PBXFileReference; lastKnownFileType = sourcecode.c.h; path = matrix.h; sourceTree = "<group>"; };
		479DEF3D1B03D03D001DB621 /* miniflann.hpp */ = {isa = PBXFileReference; lastKnownFileType = sourcecode.cpp.h; path = miniflann.hpp; sourceTree = "<group>"; };
		479DEF3E1B03D03D001DB621 /* nn_index.h */ = {isa = PBXFileReference; lastKnownFileType = sourcecode.c.h; path = nn_index.h; sourceTree = "<group>"; };
		479DEF3F1B03D03D001DB621 /* object_factory.h */ = {isa = PBXFileReference; lastKnownFileType = sourcecode.c.h; path = object_factory.h; sourceTree = "<group>"; };
		479DEF401B03D03D001DB621 /* params.h */ = {isa = PBXFileReference; lastKnownFileType = sourcecode.c.h; path = params.h; sourceTree = "<group>"; };
		479DEF411B03D03D001DB621 /* random.h */ = {isa = PBXFileReference; lastKnownFileType = sourcecode.c.h; path = random.h; sourceTree = "<group>"; };
		479DEF421B03D03D001DB621 /* result_set.h */ = {isa = PBXFileReference; lastKnownFileType = sourcecode.c.h; path = result_set.h; sourceTree = "<group>"; };
		479DEF431B03D03D001DB621 /* sampling.h */ = {isa = PBXFileReference; lastKnownFileType = sourcecode.c.h; path = sampling.h; sourceTree = "<group>"; };
		479DEF441B03D03D001DB621 /* saving.h */ = {isa = PBXFileReference; lastKnownFileType = sourcecode.c.h; path = saving.h; sourceTree = "<group>"; };
		479DEF451B03D03D001DB621 /* simplex_downhill.h */ = {isa = PBXFileReference; lastKnownFileType = sourcecode.c.h; path = simplex_downhill.h; sourceTree = "<group>"; };
		479DEF461B03D03D001DB621 /* timer.h */ = {isa = PBXFileReference; lastKnownFileType = sourcecode.c.h; path = timer.h; sourceTree = "<group>"; };
		479DEF481B03D03D001DB621 /* devmem2d.hpp */ = {isa = PBXFileReference; lastKnownFileType = sourcecode.cpp.h; path = devmem2d.hpp; sourceTree = "<group>"; };
		479DEF491B03D03D001DB621 /* gpu.hpp */ = {isa = PBXFileReference; lastKnownFileType = sourcecode.cpp.h; path = gpu.hpp; sourceTree = "<group>"; };
		479DEF4A1B03D03D001DB621 /* gpumat.hpp */ = {isa = PBXFileReference; lastKnownFileType = sourcecode.cpp.h; path = gpumat.hpp; sourceTree = "<group>"; };
		479DEF4B1B03D03D001DB621 /* matrix_operations.hpp */ = {isa = PBXFileReference; lastKnownFileType = sourcecode.cpp.h; path = matrix_operations.hpp; sourceTree = "<group>"; };
		479DEF4C1B03D03D001DB621 /* stream_accessor.hpp */ = {isa = PBXFileReference; lastKnownFileType = sourcecode.cpp.h; path = stream_accessor.hpp; sourceTree = "<group>"; };
		479DEF4E1B03D03D001DB621 /* highgui.hpp */ = {isa = PBXFileReference; lastKnownFileType = sourcecode.cpp.h; path = highgui.hpp; sourceTree = "<group>"; };
		479DEF4F1B03D03D001DB621 /* highgui_c.h */ = {isa = PBXFileReference; lastKnownFileType = sourcecode.c.h; path = highgui_c.h; sourceTree = "<group>"; };
		479DEF511B03D03D001DB621 /* imgproc.hpp */ = {isa = PBXFileReference; lastKnownFileType = sourcecode.cpp.h; path = imgproc.hpp; sourceTree = "<group>"; };
		479DEF521B03D03D001DB621 /* imgproc_c.h */ = {isa = PBXFileReference; lastKnownFileType = sourcecode.c.h; path = imgproc_c.h; sourceTree = "<group>"; };
		479DEF531B03D03D001DB621 /* types_c.h */ = {isa = PBXFileReference; lastKnownFileType = sourcecode.c.h; path = types_c.h; sourceTree = "<group>"; };
		479DEF551B03D03D001DB621 /* blobtrack.hpp */ = {isa = PBXFileReference; lastKnownFileType = sourcecode.cpp.h; path = blobtrack.hpp; sourceTree = "<group>"; };
		479DEF561B03D03D001DB621 /* compat.hpp */ = {isa = PBXFileReference; lastKnownFileType = sourcecode.cpp.h; path = compat.hpp; sourceTree = "<group>"; };
		479DEF571B03D03D001DB621 /* legacy.hpp */ = {isa = PBXFileReference; lastKnownFileType = sourcecode.cpp.h; path = legacy.hpp; sourceTree = "<group>"; };
		479DEF581B03D03D001DB621 /* streams.hpp */ = {isa = PBXFileReference; lastKnownFileType = sourcecode.cpp.h; path = streams.hpp; sourceTree = "<group>"; };
		479DEF5A1B03D03D001DB621 /* ml.hpp */ = {isa = PBXFileReference; lastKnownFileType = sourcecode.cpp.h; path = ml.hpp; sourceTree = "<group>"; };
		479DEF5C1B03D03D001DB621 /* objdetect.hpp */ = {isa = PBXFileReference; lastKnownFileType = sourcecode.cpp.h; path = objdetect.hpp; sourceTree = "<group>"; };
		479DEF5D1B03D03D001DB621 /* opencv.hpp */ = {isa = PBXFileReference; lastKnownFileType = sourcecode.cpp.h; path = opencv.hpp; sourceTree = "<group>"; };
		479DEF5F1B03D03D001DB621 /* ts.hpp */ = {isa = PBXFileReference; lastKnownFileType = sourcecode.cpp.h; path = ts.hpp; sourceTree = "<group>"; };
		479DEF601B03D03D001DB621 /* ts_gtest.h */ = {isa = PBXFileReference; lastKnownFileType = sourcecode.c.h; path = ts_gtest.h; sourceTree = "<group>"; };
		479DEF621B03D03D001DB621 /* background_segm.hpp */ = {isa = PBXFileReference; lastKnownFileType = sourcecode.cpp.h; path = background_segm.hpp; sourceTree = "<group>"; };
		479DEF631B03D03D001DB621 /* tracking.hpp */ = {isa = PBXFileReference; lastKnownFileType = sourcecode.cpp.h; path = tracking.hpp; sourceTree = "<group>"; };
		479DEF641B03D03D001DB621 /* video.hpp */ = {isa = PBXFileReference; lastKnownFileType = sourcecode.cpp.h; path = video.hpp; sourceTree = "<group>"; };
		479DEF671B03D03D001DB621 /* opencv.a */ = {isa = PBXFileReference; lastKnownFileType = archive.ar; path = opencv.a; sourceTree = "<group>"; };
		479DEF721B03D042001DB621 /* ofxCv.h */ = {isa = PBXFileReference; lastKnownFileType = sourcecode.c.h; path = ofxCv.h; sourceTree = "<group>"; };
		479DEF741B03D042001DB621 /* .gitignore */ = {isa = PBXFileReference; lastKnownFileType = text; path = .gitignore; sourceTree = "<group>"; };
		479DEF781B03D042001DB621 /* ETF.h */ = {isa = PBXFileReference; lastKnownFileType = sourcecode.c.h; path = ETF.h; sourceTree = "<group>"; };
		479DEF791B03D042001DB621 /* fdog.h */ = {isa = PBXFileReference; lastKnownFileType = sourcecode.c.h; path = fdog.h; sourceTree = "<group>"; };
		479DEF7A1B03D042001DB621 /* imatrix.h */ = {isa = PBXFileReference; lastKnownFileType = sourcecode.c.h; path = imatrix.h; sourceTree = "<group>"; };
		479DEF7B1B03D042001DB621 /* myvec.h */ = {isa = PBXFileReference; lastKnownFileType = sourcecode.c.h; path = myvec.h; sourceTree = "<group>"; };
		479DEF7D1B03D042001DB621 /* ETF.cpp */ = {isa = PBXFileReference; lastKnownFileType = sourcecode.cpp.cpp; path = ETF.cpp; sourceTree = "<group>"; };
		479DEF7E1B03D042001DB621 /* fdog.cpp */ = {isa = PBXFileReference; lastKnownFileType = sourcecode.cpp.cpp; path = fdog.cpp; sourceTree = "<group>"; };
		479DEF821B03D042001DB621 /* Calibration.h */ = {isa = PBXFileReference; lastKnownFileType = sourcecode.c.h; path = Calibration.h; sourceTree = "<group>"; };
		479DEF831B03D042001DB621 /* ContourFinder.h */ = {isa = PBXFileReference; lastKnownFileType = sourcecode.c.h; path = ContourFinder.h; sourceTree = "<group>"; };
		479DEF841B03D042001DB621 /* Distance.h */ = {isa = PBXFileReference; lastKnownFileType = sourcecode.c.h; path = Distance.h; sourceTree = "<group>"; };
		479DEF851B03D042001DB621 /* Flow.h */ = {isa = PBXFileReference; lastKnownFileType = sourcecode.c.h; path = Flow.h; sourceTree = "<group>"; };
		479DEF861B03D042001DB621 /* Helpers.h */ = {isa = PBXFileReference; lastKnownFileType = sourcecode.c.h; path = Helpers.h; sourceTree = "<group>"; };
		479DEF871B03D042001DB621 /* Kalman.h */ = {isa = PBXFileReference; lastKnownFileType = sourcecode.c.h; path = Kalman.h; sourceTree = "<group>"; };
		479DEF881B03D042001DB621 /* ObjectFinder.h */ = {isa = PBXFileReference; lastKnownFileType = sourcecode.c.h; path = ObjectFinder.h; sourceTree = "<group>"; };
		479DEF891B03D042001DB621 /* RunningBackground.h */ = {isa = PBXFileReference; lastKnownFileType = sourcecode.c.h; path = RunningBackground.h; sourceTree = "<group>"; };
		479DEF8A1B03D042001DB621 /* Tracker.h */ = {isa = PBXFileReference; lastKnownFileType = sourcecode.c.h; path = Tracker.h; sourceTree = "<group>"; };
		479DEF8B1B03D042001DB621 /* Utilities.h */ = {isa = PBXFileReference; lastKnownFileType = sourcecode.c.h; path = Utilities.h; sourceTree = "<group>"; };
		479DEF8C1B03D042001DB621 /* Wrappers.h */ = {isa = PBXFileReference; lastKnownFileType = sourcecode.c.h; path = Wrappers.h; sourceTree = "<group>"; };
		479DEF8E1B03D042001DB621 /* Calibration.cpp */ = {isa = PBXFileReference; lastKnownFileType = sourcecode.cpp.cpp; path = Calibration.cpp; sourceTree = "<group>"; };
		479DEF8F1B03D042001DB621 /* ContourFinder.cpp */ = {isa = PBXFileReference; lastKnownFileType = sourcecode.cpp.cpp; path = ContourFinder.cpp; sourceTree = "<group>"; };
		479DEF901B03D042001DB621 /* Distance.cpp */ = {isa = PBXFileReference; lastKnownFileType = sourcecode.cpp.cpp; path = Distance.cpp; sourceTree = "<group>"; };
		479DEF911B03D042001DB621 /* Flow.cpp */ = {isa = PBXFileReference; lastKnownFileType = sourcecode.cpp.cpp; path = Flow.cpp; sourceTree = "<group>"; };
		479DEF921B03D042001DB621 /* Helpers.cpp */ = {isa = PBXFileReference; lastKnownFileType = sourcecode.cpp.cpp; path = Helpers.cpp; sourceTree = "<group>"; };
		479DEF931B03D042001DB621 /* Kalman.cpp */ = {isa = PBXFileReference; lastKnownFileType = sourcecode.cpp.cpp; path = Kalman.cpp; sourceTree = "<group>"; };
		479DEF941B03D042001DB621 /* ObjectFinder.cpp */ = {isa = PBXFileReference; lastKnownFileType = sourcecode.cpp.cpp; path = ObjectFinder.cpp; sourceTree = "<group>"; };
		479DEF951B03D042001DB621 /* RunningBackground.cpp */ = {isa = PBXFileReference; lastKnownFileType = sourcecode.cpp.cpp; path = RunningBackground.cpp; sourceTree = "<group>"; };
		479DEF961B03D042001DB621 /* Tracker.cpp */ = {isa = PBXFileReference; lastKnownFileType = sourcecode.cpp.cpp; path = Tracker.cpp; sourceTree = "<group>"; };
		479DEF971B03D042001DB621 /* Utilities.cpp */ = {isa = PBXFileReference; lastKnownFileType = sourcecode.cpp.cpp; path = Utilities.cpp; sourceTree = "<group>"; };
		479DEF981B03D042001DB621 /* Wrappers.cpp */ = {isa = PBXFileReference; lastKnownFileType = sourcecode.cpp.cpp; path = Wrappers.cpp; sourceTree = "<group>"; };
		479DEF991B03D042001DB621 /* opencv.a */ = {isa = PBXFileReference; lastKnownFileType = archive.ar; name = opencv.a; path = ../../../addons/ofxCv/../ofxOpenCv/libs/opencv/lib/osx/opencv.a; sourceTree = "<group>"; };
		479DF0201B03F8D5001DB621 /* ofxOsc.h */ = {isa = PBXFileReference; lastKnownFileType = sourcecode.c.h; path = ofxOsc.h; sourceTree = "<group>"; };
		479DF0211B03F8D5001DB621 /* ofxOscArg.h */ = {isa = PBXFileReference; lastKnownFileType = sourcecode.c.h; path = ofxOscArg.h; sourceTree = "<group>"; };
		479DF0221B03F8D5001DB621 /* ofxOscBundle.cpp */ = {isa = PBXFileReference; lastKnownFileType = sourcecode.cpp.cpp; path = ofxOscBundle.cpp; sourceTree = "<group>"; };
		479DF0231B03F8D5001DB621 /* ofxOscBundle.h */ = {isa = PBXFileReference; lastKnownFileType = sourcecode.c.h; path = ofxOscBundle.h; sourceTree = "<group>"; };
		479DF0241B03F8D5001DB621 /* ofxOscMessage.cpp */ = {isa = PBXFileReference; lastKnownFileType = sourcecode.cpp.cpp; path = ofxOscMessage.cpp; sourceTree = "<group>"; };
		479DF0251B03F8D5001DB621 /* ofxOscMessage.h */ = {isa = PBXFileReference; lastKnownFileType = sourcecode.c.h; path = ofxOscMessage.h; sourceTree = "<group>"; };
		479DF0261B03F8D5001DB621 /* ofxOscParameterSync.cpp */ = {isa = PBXFileReference; lastKnownFileType = sourcecode.cpp.cpp; path = ofxOscParameterSync.cpp; sourceTree = "<group>"; };
		479DF0271B03F8D5001DB621 /* ofxOscParameterSync.h */ = {isa = PBXFileReference; lastKnownFileType = sourcecode.c.h; path = ofxOscParameterSync.h; sourceTree = "<group>"; };
		479DF0281B03F8D5001DB621 /* ofxOscReceiver.cpp */ = {isa = PBXFileReference; lastKnownFileType = sourcecode.cpp.cpp; path = ofxOscReceiver.cpp; sourceTree = "<group>"; };
		479DF0291B03F8D5001DB621 /* ofxOscReceiver.h */ = {isa = PBXFileReference; lastKnownFileType = sourcecode.c.h; path = ofxOscReceiver.h; sourceTree = "<group>"; };
		479DF02A1B03F8D5001DB621 /* ofxOscSender.cpp */ = {isa = PBXFileReference; lastKnownFileType = sourcecode.cpp.cpp; path = ofxOscSender.cpp; sourceTree = "<group>"; };
		479DF02B1B03F8D5001DB621 /* ofxOscSender.h */ = {isa = PBXFileReference; lastKnownFileType = sourcecode.c.h; path = ofxOscSender.h; sourceTree = "<group>"; };
		479DF0301B03F8D5001DB621 /* IpEndpointName.cpp */ = {isa = PBXFileReference; lastKnownFileType = sourcecode.cpp.cpp; path = IpEndpointName.cpp; sourceTree = "<group>"; };
		479DF0311B03F8D5001DB621 /* IpEndpointName.h */ = {isa = PBXFileReference; lastKnownFileType = sourcecode.c.h; path = IpEndpointName.h; sourceTree = "<group>"; };
		479DF0321B03F8D5001DB621 /* NetworkingUtils.h */ = {isa = PBXFileReference; lastKnownFileType = sourcecode.c.h; path = NetworkingUtils.h; sourceTree = "<group>"; };
		479DF0331B03F8D5001DB621 /* PacketListener.h */ = {isa = PBXFileReference; lastKnownFileType = sourcecode.c.h; path = PacketListener.h; sourceTree = "<group>"; };
		479DF0351B03F8D5001DB621 /* NetworkingUtils.cpp */ = {isa = PBXFileReference; lastKnownFileType = sourcecode.cpp.cpp; path = NetworkingUtils.cpp; sourceTree = "<group>"; };
		479DF0361B03F8D5001DB621 /* UdpSocket.cpp */ = {isa = PBXFileReference; lastKnownFileType = sourcecode.cpp.cpp; path = UdpSocket.cpp; sourceTree = "<group>"; };
		479DF0371B03F8D5001DB621 /* TimerListener.h */ = {isa = PBXFileReference; lastKnownFileType = sourcecode.c.h; path = TimerListener.h; sourceTree = "<group>"; };
		479DF0381B03F8D5001DB621 /* UdpSocket.h */ = {isa = PBXFileReference; lastKnownFileType = sourcecode.c.h; path = UdpSocket.h; sourceTree = "<group>"; };
		479DF03D1B03F8D5001DB621 /* MessageMappingOscPacketListener.h */ = {isa = PBXFileReference; lastKnownFileType = sourcecode.c.h; path = MessageMappingOscPacketListener.h; sourceTree = "<group>"; };
		479DF03E1B03F8D5001DB621 /* OscException.h */ = {isa = PBXFileReference; lastKnownFileType = sourcecode.c.h; path = OscException.h; sourceTree = "<group>"; };
		479DF03F1B03F8D5001DB621 /* OscHostEndianness.h */ = {isa = PBXFileReference; lastKnownFileType = sourcecode.c.h; path = OscHostEndianness.h; sourceTree = "<group>"; };
		479DF0401B03F8D5001DB621 /* OscOutboundPacketStream.cpp */ = {isa = PBXFileReference; lastKnownFileType = sourcecode.cpp.cpp; path = OscOutboundPacketStream.cpp; sourceTree = "<group>"; };
		479DF0411B03F8D5001DB621 /* OscOutboundPacketStream.h */ = {isa = PBXFileReference; lastKnownFileType = sourcecode.c.h; path = OscOutboundPacketStream.h; sourceTree = "<group>"; };
		479DF0421B03F8D5001DB621 /* OscPacketListener.h */ = {isa = PBXFileReference; lastKnownFileType = sourcecode.c.h; path = OscPacketListener.h; sourceTree = "<group>"; };
		479DF0431B03F8D5001DB621 /* OscPrintReceivedElements.cpp */ = {isa = PBXFileReference; lastKnownFileType = sourcecode.cpp.cpp; path = OscPrintReceivedElements.cpp; sourceTree = "<group>"; };
		479DF0441B03F8D5001DB621 /* OscPrintReceivedElements.h */ = {isa = PBXFileReference; lastKnownFileType = sourcecode.c.h; path = OscPrintReceivedElements.h; sourceTree = "<group>"; };
		479DF0451B03F8D5001DB621 /* OscReceivedElements.cpp */ = {isa = PBXFileReference; lastKnownFileType = sourcecode.cpp.cpp; path = OscReceivedElements.cpp; sourceTree = "<group>"; };
		479DF0461B03F8D5001DB621 /* OscReceivedElements.h */ = {isa = PBXFileReference; lastKnownFileType = sourcecode.c.h; path = OscReceivedElements.h; sourceTree = "<group>"; };
		479DF0471B03F8D5001DB621 /* OscTypes.cpp */ = {isa = PBXFileReference; lastKnownFileType = sourcecode.cpp.cpp; path = OscTypes.cpp; sourceTree = "<group>"; };
		479DF0481B03F8D5001DB621 /* OscTypes.h */ = {isa = PBXFileReference; lastKnownFileType = sourcecode.c.h; path = OscTypes.h; sourceTree = "<group>"; };
		47B27EE01B0949EC0008943A /* grabber.h */ = {isa = PBXFileReference; fileEncoding = 4; lastKnownFileType = sourcecode.c.h; path = grabber.h; sourceTree = "<group>"; };
		47B2F1C01B095A68007476D8 /* ofxBaseGui.cpp */ = {isa = PBXFileReference; lastKnownFileType = sourcecode.cpp.cpp; path = ofxBaseGui.cpp; sourceTree = "<group>"; };
		47B2F1C11B095A68007476D8 /* ofxBaseGui.h */ = {isa = PBXFileReference; lastKnownFileType = sourcecode.c.h; path = ofxBaseGui.h; sourceTree = "<group>"; };
		47B2F1C21B095A68007476D8 /* ofxButton.cpp */ = {isa = PBXFileReference; lastKnownFileType = sourcecode.cpp.cpp; path = ofxButton.cpp; sourceTree = "<group>"; };
		47B2F1C31B095A68007476D8 /* ofxButton.h */ = {isa = PBXFileReference; lastKnownFileType = sourcecode.c.h; path = ofxButton.h; sourceTree = "<group>"; };
		47B2F1C41B095A68007476D8 /* ofxGui.h */ = {isa = PBXFileReference; lastKnownFileType = sourcecode.c.h; path = ofxGui.h; sourceTree = "<group>"; };
		47B2F1C51B095A68007476D8 /* ofxGuiGroup.cpp */ = {isa = PBXFileReference; lastKnownFileType = sourcecode.cpp.cpp; path = ofxGuiGroup.cpp; sourceTree = "<group>"; };
		47B2F1C61B095A68007476D8 /* ofxGuiGroup.h */ = {isa = PBXFileReference; lastKnownFileType = sourcecode.c.h; path = ofxGuiGroup.h; sourceTree = "<group>"; };
		47B2F1C71B095A68007476D8 /* ofxLabel.cpp */ = {isa = PBXFileReference; lastKnownFileType = sourcecode.cpp.cpp; path = ofxLabel.cpp; sourceTree = "<group>"; };
		47B2F1C81B095A68007476D8 /* ofxLabel.h */ = {isa = PBXFileReference; lastKnownFileType = sourcecode.c.h; path = ofxLabel.h; sourceTree = "<group>"; };
		47B2F1C91B095A68007476D8 /* ofxPanel.cpp */ = {isa = PBXFileReference; lastKnownFileType = sourcecode.cpp.cpp; path = ofxPanel.cpp; sourceTree = "<group>"; };
		47B2F1CA1B095A68007476D8 /* ofxPanel.h */ = {isa = PBXFileReference; lastKnownFileType = sourcecode.c.h; path = ofxPanel.h; sourceTree = "<group>"; };
		47B2F1CB1B095A68007476D8 /* ofxSlider.cpp */ = {isa = PBXFileReference; lastKnownFileType = sourcecode.cpp.cpp; path = ofxSlider.cpp; sourceTree = "<group>"; };
		47B2F1CC1B095A68007476D8 /* ofxSlider.h */ = {isa = PBXFileReference; lastKnownFileType = sourcecode.c.h; path = ofxSlider.h; sourceTree = "<group>"; };
		47B2F1CD1B095A68007476D8 /* ofxSliderGroup.cpp */ = {isa = PBXFileReference; lastKnownFileType = sourcecode.cpp.cpp; path = ofxSliderGroup.cpp; sourceTree = "<group>"; };
		47B2F1CE1B095A68007476D8 /* ofxSliderGroup.h */ = {isa = PBXFileReference; lastKnownFileType = sourcecode.c.h; path = ofxSliderGroup.h; sourceTree = "<group>"; };
		47B2F1CF1B095A68007476D8 /* ofxToggle.cpp */ = {isa = PBXFileReference; lastKnownFileType = sourcecode.cpp.cpp; path = ofxToggle.cpp; sourceTree = "<group>"; };
		47B2F1D01B095A68007476D8 /* ofxToggle.h */ = {isa = PBXFileReference; lastKnownFileType = sourcecode.c.h; path = ofxToggle.h; sourceTree = "<group>"; };
		47B2F1DD1B095E32007476D8 /* Chain.h */ = {isa = PBXFileReference; lastKnownFileType = sourcecode.c.h; path = Chain.h; sourceTree = "<group>"; };
		47B2F1DE1B095E32007476D8 /* CodeGenerater.h */ = {isa = PBXFileReference; lastKnownFileType = sourcecode.c.h; path = CodeGenerater.h; sourceTree = "<group>"; };
		47B2F1DF1B095E32007476D8 /* Constants.h */ = {isa = PBXFileReference; lastKnownFileType = sourcecode.c.h; path = Constants.h; sourceTree = "<group>"; };
		47B2F1E01B095E32007476D8 /* Shader.h */ = {isa = PBXFileReference; lastKnownFileType = sourcecode.c.h; path = Shader.h; sourceTree = "<group>"; };
		47B2F1E11B095E32007476D8 /* Uniforms.h */ = {isa = PBXFileReference; lastKnownFileType = sourcecode.c.h; path = Uniforms.h; sourceTree = "<group>"; };
		47B2F1E21B095E32007476D8 /* ofxISF.h */ = {isa = PBXFileReference; lastKnownFileType = sourcecode.c.h; path = ofxISF.h; sourceTree = "<group>"; };
		47B2F1E51B095E32007476D8 /* jsonxx.cc */ = {isa = PBXFileReference; lastKnownFileType = sourcecode.cpp.cpp; path = jsonxx.cc; sourceTree = "<group>"; };
		47B2F1E61B095E32007476D8 /* jsonxx.h */ = {isa = PBXFileReference; lastKnownFileType = sourcecode.c.h; path = jsonxx.h; sourceTree = "<group>"; };
		47B2F1E71B095E32007476D8 /* LICENSE.txt */ = {isa = PBXFileReference; lastKnownFileType = text; path = LICENSE.txt; sourceTree = "<group>"; };
		BBAB23BE13894E4700AA2426 /* GLUT.framework */ = {isa = PBXFileReference; lastKnownFileType = wrapper.framework; name = GLUT.framework; path = ../../../libs/glut/lib/osx/GLUT.framework; sourceTree = "<group>"; };
		E4328143138ABC890047C5CB /* openFrameworksLib.xcodeproj */ = {isa = PBXFileReference; lastKnownFileType = "wrapper.pb-project"; name = openFrameworksLib.xcodeproj; path = ../../../libs/openFrameworksCompiled/project/osx/openFrameworksLib.xcodeproj; sourceTree = SOURCE_ROOT; };
		E45BE9710E8CC7DD009D7055 /* AGL.framework */ = {isa = PBXFileReference; lastKnownFileType = wrapper.framework; name = AGL.framework; path = /System/Library/Frameworks/AGL.framework; sourceTree = "<absolute>"; };
		E45BE9720E8CC7DD009D7055 /* ApplicationServices.framework */ = {isa = PBXFileReference; lastKnownFileType = wrapper.framework; name = ApplicationServices.framework; path = /System/Library/Frameworks/ApplicationServices.framework; sourceTree = "<absolute>"; };
		E45BE9730E8CC7DD009D7055 /* AudioToolbox.framework */ = {isa = PBXFileReference; lastKnownFileType = wrapper.framework; name = AudioToolbox.framework; path = /System/Library/Frameworks/AudioToolbox.framework; sourceTree = "<absolute>"; };
		E45BE9750E8CC7DD009D7055 /* CoreAudio.framework */ = {isa = PBXFileReference; lastKnownFileType = wrapper.framework; name = CoreAudio.framework; path = /System/Library/Frameworks/CoreAudio.framework; sourceTree = "<absolute>"; };
		E45BE9760E8CC7DD009D7055 /* CoreFoundation.framework */ = {isa = PBXFileReference; lastKnownFileType = wrapper.framework; name = CoreFoundation.framework; path = /System/Library/Frameworks/CoreFoundation.framework; sourceTree = "<absolute>"; };
		E45BE9770E8CC7DD009D7055 /* CoreServices.framework */ = {isa = PBXFileReference; lastKnownFileType = wrapper.framework; name = CoreServices.framework; path = /System/Library/Frameworks/CoreServices.framework; sourceTree = "<absolute>"; };
		E45BE9790E8CC7DD009D7055 /* OpenGL.framework */ = {isa = PBXFileReference; lastKnownFileType = wrapper.framework; name = OpenGL.framework; path = /System/Library/Frameworks/OpenGL.framework; sourceTree = "<absolute>"; };
		E45BE97A0E8CC7DD009D7055 /* QuickTime.framework */ = {isa = PBXFileReference; lastKnownFileType = wrapper.framework; name = QuickTime.framework; path = /System/Library/Frameworks/QuickTime.framework; sourceTree = "<absolute>"; };
		E4B69B5B0A3A1756003C02F2 /* finalProjectDebug.app */ = {isa = PBXFileReference; explicitFileType = wrapper.application; includeInIndex = 0; path = finalProjectDebug.app; sourceTree = BUILT_PRODUCTS_DIR; };
		E4B69E1D0A3A1BDC003C02F2 /* main.cpp */ = {isa = PBXFileReference; fileEncoding = 30; lastKnownFileType = sourcecode.cpp.cpp; name = main.cpp; path = src/main.cpp; sourceTree = SOURCE_ROOT; };
		E4B69E1F0A3A1BDC003C02F2 /* ofApp.h */ = {isa = PBXFileReference; fileEncoding = 30; lastKnownFileType = sourcecode.c.h; name = ofApp.h; path = src/ofApp.h; sourceTree = SOURCE_ROOT; };
		E4B6FCAD0C3E899E008CF71C /* openFrameworks-Info.plist */ = {isa = PBXFileReference; fileEncoding = 30; lastKnownFileType = text.plist.xml; path = "openFrameworks-Info.plist"; sourceTree = "<group>"; };
		E4C2424410CC5A17004149E2 /* AppKit.framework */ = {isa = PBXFileReference; lastKnownFileType = wrapper.framework; name = AppKit.framework; path = /System/Library/Frameworks/AppKit.framework; sourceTree = "<absolute>"; };
		E4C2424510CC5A17004149E2 /* Cocoa.framework */ = {isa = PBXFileReference; lastKnownFileType = wrapper.framework; name = Cocoa.framework; path = /System/Library/Frameworks/Cocoa.framework; sourceTree = "<absolute>"; };
		E4C2424610CC5A17004149E2 /* IOKit.framework */ = {isa = PBXFileReference; lastKnownFileType = wrapper.framework; name = IOKit.framework; path = /System/Library/Frameworks/IOKit.framework; sourceTree = "<absolute>"; };
		E4EB691F138AFCF100A09F29 /* CoreOF.xcconfig */ = {isa = PBXFileReference; fileEncoding = 4; lastKnownFileType = text.xcconfig; name = CoreOF.xcconfig; path = ../../../libs/openFrameworksCompiled/project/osx/CoreOF.xcconfig; sourceTree = SOURCE_ROOT; };
		E4EB6923138AFD0F00A09F29 /* Project.xcconfig */ = {isa = PBXFileReference; fileEncoding = 4; lastKnownFileType = text.xcconfig; path = Project.xcconfig; sourceTree = "<group>"; };
		E7E077E415D3B63C0020DFD4 /* CoreVideo.framework */ = {isa = PBXFileReference; lastKnownFileType = wrapper.framework; name = CoreVideo.framework; path = /System/Library/Frameworks/CoreVideo.framework; sourceTree = "<absolute>"; };
		E7E077E715D3B6510020DFD4 /* QTKit.framework */ = {isa = PBXFileReference; lastKnownFileType = wrapper.framework; name = QTKit.framework; path = /System/Library/Frameworks/QTKit.framework; sourceTree = "<absolute>"; };
		E7F985F515E0DE99003869B5 /* Accelerate.framework */ = {isa = PBXFileReference; lastKnownFileType = wrapper.framework; name = Accelerate.framework; path = /System/Library/Frameworks/Accelerate.framework; sourceTree = "<absolute>"; };
/* End PBXFileReference section */

/* Begin PBXFrameworksBuildPhase section */
		E4B69B590A3A1756003C02F2 /* Frameworks */ = {
			isa = PBXFrameworksBuildPhase;
			buildActionMask = 2147483647;
			files = (
				479DEFA71B03D042001DB621 /* opencv.a in Frameworks */,
				E7F985F815E0DEA3003869B5 /* Accelerate.framework in Frameworks */,
				E7E077E815D3B6510020DFD4 /* QTKit.framework in Frameworks */,
				E4EB6799138ADC1D00A09F29 /* GLUT.framework in Frameworks */,
				E4328149138ABC9F0047C5CB /* openFrameworksDebug.a in Frameworks */,
				E45BE97B0E8CC7DD009D7055 /* AGL.framework in Frameworks */,
				E45BE97C0E8CC7DD009D7055 /* ApplicationServices.framework in Frameworks */,
				E45BE97D0E8CC7DD009D7055 /* AudioToolbox.framework in Frameworks */,
				E45BE97F0E8CC7DD009D7055 /* CoreAudio.framework in Frameworks */,
				E45BE9800E8CC7DD009D7055 /* CoreFoundation.framework in Frameworks */,
				E45BE9810E8CC7DD009D7055 /* CoreServices.framework in Frameworks */,
				E45BE9830E8CC7DD009D7055 /* OpenGL.framework in Frameworks */,
				E45BE9840E8CC7DD009D7055 /* QuickTime.framework in Frameworks */,
				E4C2424710CC5A17004149E2 /* AppKit.framework in Frameworks */,
				E4C2424810CC5A17004149E2 /* Cocoa.framework in Frameworks */,
				479DEF6F1B03D03D001DB621 /* opencv.a in Frameworks */,
				E4C2424910CC5A17004149E2 /* IOKit.framework in Frameworks */,
				E7E077E515D3B63C0020DFD4 /* CoreVideo.framework in Frameworks */,
			);
			runOnlyForDeploymentPostprocessing = 0;
		};
/* End PBXFrameworksBuildPhase section */

/* Begin PBXGroup section */
		479DEEEE1B03D03D001DB621 /* ofxOpenCv */ = {
			isa = PBXGroup;
			children = (
				479DEEEF1B03D03D001DB621 /* src */,
				479DEF011B03D03D001DB621 /* libs */,
			);
			name = ofxOpenCv;
			sourceTree = "<group>";
		};
		479DEEEF1B03D03D001DB621 /* src */ = {
			isa = PBXGroup;
			children = (
				479DEEF01B03D03D001DB621 /* ofxCvBlob.h */,
				479DEEF11B03D03D001DB621 /* ofxCvColorImage.cpp */,
				479DEEF21B03D03D001DB621 /* ofxCvColorImage.h */,
				479DEEF31B03D03D001DB621 /* ofxCvConstants.h */,
				479DEEF41B03D03D001DB621 /* ofxCvContourFinder.cpp */,
				479DEEF51B03D03D001DB621 /* ofxCvContourFinder.h */,
				479DEEF61B03D03D001DB621 /* ofxCvFloatImage.cpp */,
				479DEEF71B03D03D001DB621 /* ofxCvFloatImage.h */,
				479DEEF81B03D03D001DB621 /* ofxCvGrayscaleImage.cpp */,
				479DEEF91B03D03D001DB621 /* ofxCvGrayscaleImage.h */,
				479DEEFA1B03D03D001DB621 /* ofxCvHaarFinder.cpp */,
				479DEEFB1B03D03D001DB621 /* ofxCvHaarFinder.h */,
				479DEEFC1B03D03D001DB621 /* ofxCvImage.cpp */,
				479DEEFD1B03D03D001DB621 /* ofxCvImage.h */,
				479DEEFE1B03D03D001DB621 /* ofxCvShortImage.cpp */,
				479DEEFF1B03D03D001DB621 /* ofxCvShortImage.h */,
				479DEF001B03D03D001DB621 /* ofxOpenCv.h */,
			);
			name = src;
			path = ../../../addons/ofxOpenCv/src;
			sourceTree = "<group>";
		};
		479DEF011B03D03D001DB621 /* libs */ = {
			isa = PBXGroup;
			children = (
				479DEF021B03D03D001DB621 /* opencv */,
			);
			name = libs;
			path = ../../../addons/ofxOpenCv/libs;
			sourceTree = "<group>";
		};
		479DEF021B03D03D001DB621 /* opencv */ = {
			isa = PBXGroup;
			children = (
				479DEF031B03D03D001DB621 /* include */,
				479DEF651B03D03D001DB621 /* lib */,
			);
			path = opencv;
			sourceTree = "<group>";
		};
		479DEF031B03D03D001DB621 /* include */ = {
			isa = PBXGroup;
			children = (
				479DEF041B03D03D001DB621 /* opencv */,
				479DEF101B03D03D001DB621 /* opencv2 */,
			);
			path = include;
			sourceTree = "<group>";
		};
		479DEF041B03D03D001DB621 /* opencv */ = {
			isa = PBXGroup;
			children = (
				479DEF051B03D03D001DB621 /* cv.h */,
				479DEF061B03D03D001DB621 /* cv.hpp */,
				479DEF071B03D03D001DB621 /* cvaux.h */,
				479DEF081B03D03D001DB621 /* cvaux.hpp */,
				479DEF091B03D03D001DB621 /* cvwimage.h */,
				479DEF0A1B03D03D001DB621 /* cxcore.h */,
				479DEF0B1B03D03D001DB621 /* cxcore.hpp */,
				479DEF0C1B03D03D001DB621 /* cxeigen.hpp */,
				479DEF0D1B03D03D001DB621 /* cxmisc.h */,
				479DEF0E1B03D03D001DB621 /* highgui.h */,
				479DEF0F1B03D03D001DB621 /* ml.h */,
			);
			path = opencv;
			sourceTree = "<group>";
		};
		479DEF101B03D03D001DB621 /* opencv2 */ = {
			isa = PBXGroup;
			children = (
				479DEF111B03D03D001DB621 /* calib3d */,
				479DEF131B03D03D001DB621 /* contrib */,
				479DEF161B03D03D001DB621 /* core */,
				479DEF201B03D03D001DB621 /* features2d */,
				479DEF221B03D03D001DB621 /* flann */,
				479DEF471B03D03D001DB621 /* gpu */,
				479DEF4D1B03D03D001DB621 /* highgui */,
				479DEF501B03D03D001DB621 /* imgproc */,
				479DEF541B03D03D001DB621 /* legacy */,
				479DEF591B03D03D001DB621 /* ml */,
				479DEF5B1B03D03D001DB621 /* objdetect */,
				479DEF5D1B03D03D001DB621 /* opencv.hpp */,
				479DEF5E1B03D03D001DB621 /* ts */,
				479DEF611B03D03D001DB621 /* video */,
			);
			path = opencv2;
			sourceTree = "<group>";
		};
		479DEF111B03D03D001DB621 /* calib3d */ = {
			isa = PBXGroup;
			children = (
				479DEF121B03D03D001DB621 /* calib3d.hpp */,
			);
			path = calib3d;
			sourceTree = "<group>";
		};
		479DEF131B03D03D001DB621 /* contrib */ = {
			isa = PBXGroup;
			children = (
				479DEF141B03D03D001DB621 /* contrib.hpp */,
				479DEF151B03D03D001DB621 /* retina.hpp */,
			);
			path = contrib;
			sourceTree = "<group>";
		};
		479DEF161B03D03D001DB621 /* core */ = {
			isa = PBXGroup;
			children = (
				479DEF171B03D03D001DB621 /* core.hpp */,
				479DEF181B03D03D001DB621 /* core_c.h */,
				479DEF191B03D03D001DB621 /* eigen.hpp */,
				479DEF1A1B03D03D001DB621 /* internal.hpp */,
				479DEF1B1B03D03D001DB621 /* mat.hpp */,
				479DEF1C1B03D03D001DB621 /* operations.hpp */,
				479DEF1D1B03D03D001DB621 /* types_c.h */,
				479DEF1E1B03D03D001DB621 /* version.hpp */,
				479DEF1F1B03D03D001DB621 /* wimage.hpp */,
			);
			path = core;
			sourceTree = "<group>";
		};
		479DEF201B03D03D001DB621 /* features2d */ = {
			isa = PBXGroup;
			children = (
				479DEF211B03D03D001DB621 /* features2d.hpp */,
			);
			path = features2d;
			sourceTree = "<group>";
		};
		479DEF221B03D03D001DB621 /* flann */ = {
			isa = PBXGroup;
			children = (
				479DEF231B03D03D001DB621 /* all_indices.h */,
				479DEF241B03D03D001DB621 /* allocator.h */,
				479DEF251B03D03D001DB621 /* any.h */,
				479DEF261B03D03D001DB621 /* autotuned_index.h */,
				479DEF271B03D03D001DB621 /* composite_index.h */,
				479DEF281B03D03D001DB621 /* config.h */,
				479DEF291B03D03D001DB621 /* defines.h */,
				479DEF2A1B03D03D001DB621 /* dist.h */,
				479DEF2B1B03D03D001DB621 /* dummy.h */,
				479DEF2C1B03D03D001DB621 /* dynamic_bitset.h */,
				479DEF2D1B03D03D001DB621 /* flann.hpp */,
				479DEF2E1B03D03D001DB621 /* flann_base.hpp */,
				479DEF2F1B03D03D001DB621 /* general.h */,
				479DEF301B03D03D001DB621 /* ground_truth.h */,
				479DEF311B03D03D001DB621 /* hdf5.h */,
				479DEF321B03D03D001DB621 /* heap.h */,
				479DEF331B03D03D001DB621 /* hierarchical_clustering_index.h */,
				479DEF341B03D03D001DB621 /* index_testing.h */,
				479DEF351B03D03D001DB621 /* kdtree_index.h */,
				479DEF361B03D03D001DB621 /* kdtree_single_index.h */,
				479DEF371B03D03D001DB621 /* kmeans_index.h */,
				479DEF381B03D03D001DB621 /* linear_index.h */,
				479DEF391B03D03D001DB621 /* logger.h */,
				479DEF3A1B03D03D001DB621 /* lsh_index.h */,
				479DEF3B1B03D03D001DB621 /* lsh_table.h */,
				479DEF3C1B03D03D001DB621 /* matrix.h */,
				479DEF3D1B03D03D001DB621 /* miniflann.hpp */,
				479DEF3E1B03D03D001DB621 /* nn_index.h */,
				479DEF3F1B03D03D001DB621 /* object_factory.h */,
				479DEF401B03D03D001DB621 /* params.h */,
				479DEF411B03D03D001DB621 /* random.h */,
				479DEF421B03D03D001DB621 /* result_set.h */,
				479DEF431B03D03D001DB621 /* sampling.h */,
				479DEF441B03D03D001DB621 /* saving.h */,
				479DEF451B03D03D001DB621 /* simplex_downhill.h */,
				479DEF461B03D03D001DB621 /* timer.h */,
			);
			path = flann;
			sourceTree = "<group>";
		};
		479DEF471B03D03D001DB621 /* gpu */ = {
			isa = PBXGroup;
			children = (
				479DEF481B03D03D001DB621 /* devmem2d.hpp */,
				479DEF491B03D03D001DB621 /* gpu.hpp */,
				479DEF4A1B03D03D001DB621 /* gpumat.hpp */,
				479DEF4B1B03D03D001DB621 /* matrix_operations.hpp */,
				479DEF4C1B03D03D001DB621 /* stream_accessor.hpp */,
			);
			path = gpu;
			sourceTree = "<group>";
		};
		479DEF4D1B03D03D001DB621 /* highgui */ = {
			isa = PBXGroup;
			children = (
				479DEF4E1B03D03D001DB621 /* highgui.hpp */,
				479DEF4F1B03D03D001DB621 /* highgui_c.h */,
			);
			path = highgui;
			sourceTree = "<group>";
		};
		479DEF501B03D03D001DB621 /* imgproc */ = {
			isa = PBXGroup;
			children = (
				479DEF511B03D03D001DB621 /* imgproc.hpp */,
				479DEF521B03D03D001DB621 /* imgproc_c.h */,
				479DEF531B03D03D001DB621 /* types_c.h */,
			);
			path = imgproc;
			sourceTree = "<group>";
		};
		479DEF541B03D03D001DB621 /* legacy */ = {
			isa = PBXGroup;
			children = (
				479DEF551B03D03D001DB621 /* blobtrack.hpp */,
				479DEF561B03D03D001DB621 /* compat.hpp */,
				479DEF571B03D03D001DB621 /* legacy.hpp */,
				479DEF581B03D03D001DB621 /* streams.hpp */,
			);
			path = legacy;
			sourceTree = "<group>";
		};
		479DEF591B03D03D001DB621 /* ml */ = {
			isa = PBXGroup;
			children = (
				479DEF5A1B03D03D001DB621 /* ml.hpp */,
			);
			path = ml;
			sourceTree = "<group>";
		};
		479DEF5B1B03D03D001DB621 /* objdetect */ = {
			isa = PBXGroup;
			children = (
				479DEF5C1B03D03D001DB621 /* objdetect.hpp */,
			);
			path = objdetect;
			sourceTree = "<group>";
		};
		479DEF5E1B03D03D001DB621 /* ts */ = {
			isa = PBXGroup;
			children = (
				479DEF5F1B03D03D001DB621 /* ts.hpp */,
				479DEF601B03D03D001DB621 /* ts_gtest.h */,
			);
			path = ts;
			sourceTree = "<group>";
		};
		479DEF611B03D03D001DB621 /* video */ = {
			isa = PBXGroup;
			children = (
				479DEF621B03D03D001DB621 /* background_segm.hpp */,
				479DEF631B03D03D001DB621 /* tracking.hpp */,
				479DEF641B03D03D001DB621 /* video.hpp */,
			);
			path = video;
			sourceTree = "<group>";
		};
		479DEF651B03D03D001DB621 /* lib */ = {
			isa = PBXGroup;
			children = (
				479DEF661B03D03D001DB621 /* osx */,
			);
			path = lib;
			sourceTree = "<group>";
		};
		479DEF661B03D03D001DB621 /* osx */ = {
			isa = PBXGroup;
			children = (
				479DEF671B03D03D001DB621 /* opencv.a */,
			);
			path = osx;
			sourceTree = "<group>";
		};
		479DEF701B03D042001DB621 /* ofxCv */ = {
			isa = PBXGroup;
			children = (
				479DEF711B03D042001DB621 /* src */,
				479DEF731B03D042001DB621 /* libs */,
				479DEF991B03D042001DB621 /* opencv.a */,
			);
			name = ofxCv;
			sourceTree = "<group>";
		};
		479DEF711B03D042001DB621 /* src */ = {
			isa = PBXGroup;
			children = (
				479DEF721B03D042001DB621 /* ofxCv.h */,
			);
			name = src;
			path = ../../../addons/ofxCv/src;
			sourceTree = "<group>";
		};
		479DEF731B03D042001DB621 /* libs */ = {
			isa = PBXGroup;
			children = (
				479DEF741B03D042001DB621 /* .gitignore */,
				479DEF751B03D042001DB621 /* CLD */,
				479DEF7F1B03D042001DB621 /* ofxCv */,
			);
			name = libs;
			path = ../../../addons/ofxCv/libs;
			sourceTree = "<group>";
		};
		479DEF751B03D042001DB621 /* CLD */ = {
			isa = PBXGroup;
			children = (
				479DEF761B03D042001DB621 /* include */,
				479DEF7C1B03D042001DB621 /* src */,
			);
			path = CLD;
			sourceTree = "<group>";
		};
		479DEF761B03D042001DB621 /* include */ = {
			isa = PBXGroup;
			children = (
				479DEF771B03D042001DB621 /* CLD */,
			);
			path = include;
			sourceTree = "<group>";
		};
		479DEF771B03D042001DB621 /* CLD */ = {
			isa = PBXGroup;
			children = (
				479DEF781B03D042001DB621 /* ETF.h */,
				479DEF791B03D042001DB621 /* fdog.h */,
				479DEF7A1B03D042001DB621 /* imatrix.h */,
				479DEF7B1B03D042001DB621 /* myvec.h */,
			);
			path = CLD;
			sourceTree = "<group>";
		};
		479DEF7C1B03D042001DB621 /* src */ = {
			isa = PBXGroup;
			children = (
				479DEF7D1B03D042001DB621 /* ETF.cpp */,
				479DEF7E1B03D042001DB621 /* fdog.cpp */,
			);
			path = src;
			sourceTree = "<group>";
		};
		479DEF7F1B03D042001DB621 /* ofxCv */ = {
			isa = PBXGroup;
			children = (
				479DEF801B03D042001DB621 /* include */,
				479DEF8D1B03D042001DB621 /* src */,
			);
			path = ofxCv;
			sourceTree = "<group>";
		};
		479DEF801B03D042001DB621 /* include */ = {
			isa = PBXGroup;
			children = (
				479DEF811B03D042001DB621 /* ofxCv */,
			);
			path = include;
			sourceTree = "<group>";
		};
		479DEF811B03D042001DB621 /* ofxCv */ = {
			isa = PBXGroup;
			children = (
				479DEF821B03D042001DB621 /* Calibration.h */,
				479DEF831B03D042001DB621 /* ContourFinder.h */,
				479DEF841B03D042001DB621 /* Distance.h */,
				479DEF851B03D042001DB621 /* Flow.h */,
				479DEF861B03D042001DB621 /* Helpers.h */,
				479DEF871B03D042001DB621 /* Kalman.h */,
				479DEF881B03D042001DB621 /* ObjectFinder.h */,
				479DEF891B03D042001DB621 /* RunningBackground.h */,
				479DEF8A1B03D042001DB621 /* Tracker.h */,
				479DEF8B1B03D042001DB621 /* Utilities.h */,
				479DEF8C1B03D042001DB621 /* Wrappers.h */,
			);
			path = ofxCv;
			sourceTree = "<group>";
		};
		479DEF8D1B03D042001DB621 /* src */ = {
			isa = PBXGroup;
			children = (
				479DEF8E1B03D042001DB621 /* Calibration.cpp */,
				479DEF8F1B03D042001DB621 /* ContourFinder.cpp */,
				479DEF901B03D042001DB621 /* Distance.cpp */,
				479DEF911B03D042001DB621 /* Flow.cpp */,
				479DEF921B03D042001DB621 /* Helpers.cpp */,
				479DEF931B03D042001DB621 /* Kalman.cpp */,
				479DEF941B03D042001DB621 /* ObjectFinder.cpp */,
				479DEF951B03D042001DB621 /* RunningBackground.cpp */,
				479DEF961B03D042001DB621 /* Tracker.cpp */,
				479DEF971B03D042001DB621 /* Utilities.cpp */,
				479DEF981B03D042001DB621 /* Wrappers.cpp */,
			);
			path = src;
			sourceTree = "<group>";
		};
		479DF01E1B03F8D5001DB621 /* ofxOsc */ = {
			isa = PBXGroup;
			children = (
				479DF01F1B03F8D5001DB621 /* src */,
				479DF02C1B03F8D5001DB621 /* libs */,
			);
			name = ofxOsc;
			sourceTree = "<group>";
		};
		479DF01F1B03F8D5001DB621 /* src */ = {
			isa = PBXGroup;
			children = (
				479DF0201B03F8D5001DB621 /* ofxOsc.h */,
				479DF0211B03F8D5001DB621 /* ofxOscArg.h */,
				479DF0221B03F8D5001DB621 /* ofxOscBundle.cpp */,
				479DF0231B03F8D5001DB621 /* ofxOscBundle.h */,
				479DF0241B03F8D5001DB621 /* ofxOscMessage.cpp */,
				479DF0251B03F8D5001DB621 /* ofxOscMessage.h */,
				479DF0261B03F8D5001DB621 /* ofxOscParameterSync.cpp */,
				479DF0271B03F8D5001DB621 /* ofxOscParameterSync.h */,
				479DF0281B03F8D5001DB621 /* ofxOscReceiver.cpp */,
				479DF0291B03F8D5001DB621 /* ofxOscReceiver.h */,
				479DF02A1B03F8D5001DB621 /* ofxOscSender.cpp */,
				479DF02B1B03F8D5001DB621 /* ofxOscSender.h */,
			);
			name = src;
			path = ../../../addons/ofxOsc/src;
			sourceTree = "<group>";
		};
		479DF02C1B03F8D5001DB621 /* libs */ = {
			isa = PBXGroup;
			children = (
				479DF02D1B03F8D5001DB621 /* oscpack */,
			);
			name = libs;
			path = ../../../addons/ofxOsc/libs;
			sourceTree = "<group>";
		};
		479DF02D1B03F8D5001DB621 /* oscpack */ = {
			isa = PBXGroup;
			children = (
				479DF02E1B03F8D5001DB621 /* src */,
			);
			path = oscpack;
			sourceTree = "<group>";
		};
		479DF02E1B03F8D5001DB621 /* src */ = {
			isa = PBXGroup;
			children = (
				479DF02F1B03F8D5001DB621 /* ip */,
				479DF03C1B03F8D5001DB621 /* osc */,
			);
			path = src;
			sourceTree = "<group>";
		};
		479DF02F1B03F8D5001DB621 /* ip */ = {
			isa = PBXGroup;
			children = (
				479DF0301B03F8D5001DB621 /* IpEndpointName.cpp */,
				479DF0311B03F8D5001DB621 /* IpEndpointName.h */,
				479DF0321B03F8D5001DB621 /* NetworkingUtils.h */,
				479DF0331B03F8D5001DB621 /* PacketListener.h */,
				479DF0341B03F8D5001DB621 /* posix */,
				479DF0371B03F8D5001DB621 /* TimerListener.h */,
				479DF0381B03F8D5001DB621 /* UdpSocket.h */,
			);
			path = ip;
			sourceTree = "<group>";
		};
		479DF0341B03F8D5001DB621 /* posix */ = {
			isa = PBXGroup;
			children = (
				479DF0351B03F8D5001DB621 /* NetworkingUtils.cpp */,
				479DF0361B03F8D5001DB621 /* UdpSocket.cpp */,
			);
			path = posix;
			sourceTree = "<group>";
		};
		479DF03C1B03F8D5001DB621 /* osc */ = {
			isa = PBXGroup;
			children = (
				479DF03D1B03F8D5001DB621 /* MessageMappingOscPacketListener.h */,
				479DF03E1B03F8D5001DB621 /* OscException.h */,
				479DF03F1B03F8D5001DB621 /* OscHostEndianness.h */,
				479DF0401B03F8D5001DB621 /* OscOutboundPacketStream.cpp */,
				479DF0411B03F8D5001DB621 /* OscOutboundPacketStream.h */,
				479DF0421B03F8D5001DB621 /* OscPacketListener.h */,
				479DF0431B03F8D5001DB621 /* OscPrintReceivedElements.cpp */,
				479DF0441B03F8D5001DB621 /* OscPrintReceivedElements.h */,
				479DF0451B03F8D5001DB621 /* OscReceivedElements.cpp */,
				479DF0461B03F8D5001DB621 /* OscReceivedElements.h */,
				479DF0471B03F8D5001DB621 /* OscTypes.cpp */,
				479DF0481B03F8D5001DB621 /* OscTypes.h */,
			);
			path = osc;
			sourceTree = "<group>";
		};
		47B2F1BE1B095A68007476D8 /* ofxGui */ = {
			isa = PBXGroup;
			children = (
				47B2F1BF1B095A68007476D8 /* src */,
			);
			name = ofxGui;
			sourceTree = "<group>";
		};
		47B2F1BF1B095A68007476D8 /* src */ = {
			isa = PBXGroup;
			children = (
				47B2F1C01B095A68007476D8 /* ofxBaseGui.cpp */,
				47B2F1C11B095A68007476D8 /* ofxBaseGui.h */,
				47B2F1C21B095A68007476D8 /* ofxButton.cpp */,
				47B2F1C31B095A68007476D8 /* ofxButton.h */,
				47B2F1C41B095A68007476D8 /* ofxGui.h */,
				47B2F1C51B095A68007476D8 /* ofxGuiGroup.cpp */,
				47B2F1C61B095A68007476D8 /* ofxGuiGroup.h */,
				47B2F1C71B095A68007476D8 /* ofxLabel.cpp */,
				47B2F1C81B095A68007476D8 /* ofxLabel.h */,
				47B2F1C91B095A68007476D8 /* ofxPanel.cpp */,
				47B2F1CA1B095A68007476D8 /* ofxPanel.h */,
				47B2F1CB1B095A68007476D8 /* ofxSlider.cpp */,
				47B2F1CC1B095A68007476D8 /* ofxSlider.h */,
				47B2F1CD1B095A68007476D8 /* ofxSliderGroup.cpp */,
				47B2F1CE1B095A68007476D8 /* ofxSliderGroup.h */,
				47B2F1CF1B095A68007476D8 /* ofxToggle.cpp */,
				47B2F1D01B095A68007476D8 /* ofxToggle.h */,
			);
			name = src;
			path = ../../../addons/ofxGui/src;
			sourceTree = "<group>";
		};
		47B2F1DA1B095E32007476D8 /* ofxISF */ = {
			isa = PBXGroup;
			children = (
				47B2F1DB1B095E32007476D8 /* src */,
				47B2F1E31B095E32007476D8 /* libs */,
			);
			name = ofxISF;
			sourceTree = "<group>";
		};
		47B2F1DB1B095E32007476D8 /* src */ = {
			isa = PBXGroup;
			children = (
				47B2F1DC1B095E32007476D8 /* ofxISF */,
				47B2F1E21B095E32007476D8 /* ofxISF.h */,
			);
			name = src;
			path = ../../../addons/ofxISF/src;
			sourceTree = "<group>";
		};
		47B2F1DC1B095E32007476D8 /* ofxISF */ = {
			isa = PBXGroup;
			children = (
				47B2F1DD1B095E32007476D8 /* Chain.h */,
				47B2F1DE1B095E32007476D8 /* CodeGenerater.h */,
				47B2F1DF1B095E32007476D8 /* Constants.h */,
				47B2F1E01B095E32007476D8 /* Shader.h */,
				47B2F1E11B095E32007476D8 /* Uniforms.h */,
			);
			path = ofxISF;
			sourceTree = "<group>";
		};
		47B2F1E31B095E32007476D8 /* libs */ = {
			isa = PBXGroup;
			children = (
				47B2F1E41B095E32007476D8 /* jsonxx */,
			);
			name = libs;
			path = ../../../addons/ofxISF/libs;
			sourceTree = "<group>";
		};
		47B2F1E41B095E32007476D8 /* jsonxx */ = {
			isa = PBXGroup;
			children = (
				47B2F1E51B095E32007476D8 /* jsonxx.cc */,
				47B2F1E61B095E32007476D8 /* jsonxx.h */,
				47B2F1E71B095E32007476D8 /* LICENSE.txt */,
			);
			path = jsonxx;
			sourceTree = "<group>";
		};
		BB4B014C10F69532006C3DED /* addons */ = {
			isa = PBXGroup;
			children = (
				479DEEEE1B03D03D001DB621 /* ofxOpenCv */,
				479DEF701B03D042001DB621 /* ofxCv */,
				479DF01E1B03F8D5001DB621 /* ofxOsc */,
				47B2F1BE1B095A68007476D8 /* ofxGui */,
				47B2F1DA1B095E32007476D8 /* ofxISF */,
			);
			name = addons;
			sourceTree = "<group>";
		};
		BBAB23C913894ECA00AA2426 /* system frameworks */ = {
			isa = PBXGroup;
			children = (
				E7F985F515E0DE99003869B5 /* Accelerate.framework */,
				E4C2424410CC5A17004149E2 /* AppKit.framework */,
				E4C2424510CC5A17004149E2 /* Cocoa.framework */,
				E4C2424610CC5A17004149E2 /* IOKit.framework */,
				E45BE9710E8CC7DD009D7055 /* AGL.framework */,
				E45BE9720E8CC7DD009D7055 /* ApplicationServices.framework */,
				E45BE9730E8CC7DD009D7055 /* AudioToolbox.framework */,
				E45BE9750E8CC7DD009D7055 /* CoreAudio.framework */,
				E45BE9760E8CC7DD009D7055 /* CoreFoundation.framework */,
				E45BE9770E8CC7DD009D7055 /* CoreServices.framework */,
				E45BE9790E8CC7DD009D7055 /* OpenGL.framework */,
				E45BE97A0E8CC7DD009D7055 /* QuickTime.framework */,
				E7E077E415D3B63C0020DFD4 /* CoreVideo.framework */,
				E7E077E715D3B6510020DFD4 /* QTKit.framework */,
			);
			name = "system frameworks";
			sourceTree = "<group>";
		};
		BBAB23CA13894EDB00AA2426 /* 3rd party frameworks */ = {
			isa = PBXGroup;
			children = (
				BBAB23BE13894E4700AA2426 /* GLUT.framework */,
			);
			name = "3rd party frameworks";
			sourceTree = "<group>";
		};
		E4328144138ABC890047C5CB /* Products */ = {
			isa = PBXGroup;
			children = (
				E4328148138ABC890047C5CB /* openFrameworksDebug.a */,
			);
			name = Products;
			sourceTree = "<group>";
		};
		E45BE5980E8CC70C009D7055 /* frameworks */ = {
			isa = PBXGroup;
			children = (
				BBAB23CA13894EDB00AA2426 /* 3rd party frameworks */,
				BBAB23C913894ECA00AA2426 /* system frameworks */,
			);
			name = frameworks;
			sourceTree = "<group>";
		};
		E4B69B4A0A3A1720003C02F2 = {
			isa = PBXGroup;
			children = (
				E4B6FCAD0C3E899E008CF71C /* openFrameworks-Info.plist */,
				E4EB6923138AFD0F00A09F29 /* Project.xcconfig */,
				E4B69E1C0A3A1BDC003C02F2 /* src */,
				E4EEC9E9138DF44700A80321 /* openFrameworks */,
				BB4B014C10F69532006C3DED /* addons */,
				E45BE5980E8CC70C009D7055 /* frameworks */,
				E4B69B5B0A3A1756003C02F2 /* finalProjectDebug.app */,
			);
			sourceTree = "<group>";
		};
		E4B69E1C0A3A1BDC003C02F2 /* src */ = {
			isa = PBXGroup;
			children = (
				E4B69E1D0A3A1BDC003C02F2 /* main.cpp */,
				E4B69E1F0A3A1BDC003C02F2 /* ofApp.h */,
				47B27EE01B0949EC0008943A /* grabber.h */,
			);
			path = src;
			sourceTree = SOURCE_ROOT;
		};
		E4EEC9E9138DF44700A80321 /* openFrameworks */ = {
			isa = PBXGroup;
			children = (
				E4EB691F138AFCF100A09F29 /* CoreOF.xcconfig */,
				E4328143138ABC890047C5CB /* openFrameworksLib.xcodeproj */,
			);
			name = openFrameworks;
			sourceTree = "<group>";
		};
/* End PBXGroup section */

/* Begin PBXNativeTarget section */
		E4B69B5A0A3A1756003C02F2 /* finalProject */ = {
			isa = PBXNativeTarget;
			buildConfigurationList = E4B69B5F0A3A1757003C02F2 /* Build configuration list for PBXNativeTarget "finalProject" */;
			buildPhases = (
				E4B69B580A3A1756003C02F2 /* Sources */,
				E4B69B590A3A1756003C02F2 /* Frameworks */,
				E4B6FFFD0C3F9AB9008CF71C /* ShellScript */,
				E4C2427710CC5ABF004149E2 /* CopyFiles */,
			);
			buildRules = (
			);
			dependencies = (
				E4EEB9AC138B136A00A80321 /* PBXTargetDependency */,
			);
			name = finalProject;
			productName = myOFApp;
			productReference = E4B69B5B0A3A1756003C02F2 /* finalProjectDebug.app */;
			productType = "com.apple.product-type.application";
		};
/* End PBXNativeTarget section */

/* Begin PBXProject section */
		E4B69B4C0A3A1720003C02F2 /* Project object */ = {
			isa = PBXProject;
			attributes = {
				LastUpgradeCheck = 0460;
			};
			buildConfigurationList = E4B69B4D0A3A1720003C02F2 /* Build configuration list for PBXProject "finalProject" */;
			compatibilityVersion = "Xcode 3.2";
			developmentRegion = English;
			hasScannedForEncodings = 0;
			knownRegions = (
				English,
				Japanese,
				French,
				German,
			);
			mainGroup = E4B69B4A0A3A1720003C02F2;
			productRefGroup = E4B69B4A0A3A1720003C02F2;
			projectDirPath = "";
			projectReferences = (
				{
					ProductGroup = E4328144138ABC890047C5CB /* Products */;
					ProjectRef = E4328143138ABC890047C5CB /* openFrameworksLib.xcodeproj */;
				},
			);
			projectRoot = "";
			targets = (
				E4B69B5A0A3A1756003C02F2 /* finalProject */,
			);
		};
/* End PBXProject section */

/* Begin PBXReferenceProxy section */
		E4328148138ABC890047C5CB /* openFrameworksDebug.a */ = {
			isa = PBXReferenceProxy;
			fileType = archive.ar;
			path = openFrameworksDebug.a;
			remoteRef = E4328147138ABC890047C5CB /* PBXContainerItemProxy */;
			sourceTree = BUILT_PRODUCTS_DIR;
		};
/* End PBXReferenceProxy section */

/* Begin PBXShellScriptBuildPhase section */
		E4B6FFFD0C3F9AB9008CF71C /* ShellScript */ = {
			isa = PBXShellScriptBuildPhase;
			buildActionMask = 2147483647;
			files = (
			);
			inputPaths = (
			);
			outputPaths = (
			);
			runOnlyForDeploymentPostprocessing = 0;
			shellPath = /bin/sh;
			shellScript = "cp -f ../../../libs/fmodex/lib/osx/libfmodex.dylib \"$TARGET_BUILD_DIR/$PRODUCT_NAME.app/Contents/MacOS/libfmodex.dylib\"; install_name_tool -change ./libfmodex.dylib @executable_path/libfmodex.dylib \"$TARGET_BUILD_DIR/$PRODUCT_NAME.app/Contents/MacOS/$PRODUCT_NAME\";\nmkdir -p \"$TARGET_BUILD_DIR/$PRODUCT_NAME.app/Contents/Resources/\"\ncp -f \"$ICON_FILE\" \"$TARGET_BUILD_DIR/$PRODUCT_NAME.app/Contents/Resources/\"\n";
		};
/* End PBXShellScriptBuildPhase section */

/* Begin PBXSourcesBuildPhase section */
		E4B69B580A3A1756003C02F2 /* Sources */ = {
			isa = PBXSourcesBuildPhase;
			buildActionMask = 2147483647;
			files = (
				47B2F1D71B095A68007476D8 /* ofxSliderGroup.cpp in Sources */,
				47B2F1D41B095A68007476D8 /* ofxLabel.cpp in Sources */,
				479DF0541B03F8D5001DB621 /* OscTypes.cpp in Sources */,
				479DF04B1B03F8D5001DB621 /* ofxOscParameterSync.cpp in Sources */,
				479DEFA41B03D042001DB621 /* Tracker.cpp in Sources */,
				479DF04D1B03F8D5001DB621 /* ofxOscSender.cpp in Sources */,
				47B2F1D21B095A68007476D8 /* ofxButton.cpp in Sources */,
				479DEF9D1B03D042001DB621 /* ContourFinder.cpp in Sources */,
				47B2F1D61B095A68007476D8 /* ofxSlider.cpp in Sources */,
				479DEFA31B03D042001DB621 /* RunningBackground.cpp in Sources */,
				479DF0491B03F8D5001DB621 /* ofxOscBundle.cpp in Sources */,
				479DEF9A1B03D042001DB621 /* ETF.cpp in Sources */,
				479DF04E1B03F8D5001DB621 /* IpEndpointName.cpp in Sources */,
				479DF0501B03F8D5001DB621 /* UdpSocket.cpp in Sources */,
				479DF04C1B03F8D5001DB621 /* ofxOscReceiver.cpp in Sources */,
				479DEFA61B03D042001DB621 /* Wrappers.cpp in Sources */,
				47B2F1D11B095A68007476D8 /* ofxBaseGui.cpp in Sources */,
				479DEF6C1B03D03D001DB621 /* ofxCvHaarFinder.cpp in Sources */,
				479DEFA01B03D042001DB621 /* Helpers.cpp in Sources */,
				479DEF9C1B03D042001DB621 /* Calibration.cpp in Sources */,
				479DF04F1B03F8D5001DB621 /* NetworkingUtils.cpp in Sources */,
				47B2F1E81B095E32007476D8 /* jsonxx.cc in Sources */,
				479DEF681B03D03D001DB621 /* ofxCvColorImage.cpp in Sources */,
				47B2F1D81B095A68007476D8 /* ofxToggle.cpp in Sources */,
				479DEF9B1B03D042001DB621 /* fdog.cpp in Sources */,
				479DF0531B03F8D5001DB621 /* OscReceivedElements.cpp in Sources */,
				479DF04A1B03F8D5001DB621 /* ofxOscMessage.cpp in Sources */,
				E4B69E200A3A1BDC003C02F2 /* main.cpp in Sources */,
				479DEF6B1B03D03D001DB621 /* ofxCvGrayscaleImage.cpp in Sources */,
				479DEF691B03D03D001DB621 /* ofxCvContourFinder.cpp in Sources */,
				479DEFA21B03D042001DB621 /* ObjectFinder.cpp in Sources */,
				479DF0521B03F8D5001DB621 /* OscPrintReceivedElements.cpp in Sources */,
				47B2F1D51B095A68007476D8 /* ofxPanel.cpp in Sources */,
				479DEF6E1B03D03D001DB621 /* ofxCvShortImage.cpp in Sources */,
				479DEFA51B03D042001DB621 /* Utilities.cpp in Sources */,
				479DEF6D1B03D03D001DB621 /* ofxCvImage.cpp in Sources */,
				479DEF9F1B03D042001DB621 /* Flow.cpp in Sources */,
				47B2F1D31B095A68007476D8 /* ofxGuiGroup.cpp in Sources */,
				479DEF6A1B03D03D001DB621 /* ofxCvFloatImage.cpp in Sources */,
				479DF0511B03F8D5001DB621 /* OscOutboundPacketStream.cpp in Sources */,
				479DEF9E1B03D042001DB621 /* Distance.cpp in Sources */,
				479DEFA11B03D042001DB621 /* Kalman.cpp in Sources */,
			);
			runOnlyForDeploymentPostprocessing = 0;
		};
/* End PBXSourcesBuildPhase section */

/* Begin PBXTargetDependency section */
		E4EEB9AC138B136A00A80321 /* PBXTargetDependency */ = {
			isa = PBXTargetDependency;
			name = openFrameworks;
			targetProxy = E4EEB9AB138B136A00A80321 /* PBXContainerItemProxy */;
		};
/* End PBXTargetDependency section */

/* Begin XCBuildConfiguration section */
		E4B69B4E0A3A1720003C02F2 /* Debug */ = {
			isa = XCBuildConfiguration;
			baseConfigurationReference = E4EB6923138AFD0F00A09F29 /* Project.xcconfig */;
			buildSettings = {
				ARCHS = "$(NATIVE_ARCH)";
				CONFIGURATION_BUILD_DIR = "$(SRCROOT)/bin/";
				COPY_PHASE_STRIP = NO;
				DEAD_CODE_STRIPPING = YES;
				GCC_AUTO_VECTORIZATION = YES;
				GCC_ENABLE_SSE3_EXTENSIONS = YES;
				GCC_ENABLE_SUPPLEMENTAL_SSE3_INSTRUCTIONS = YES;
				GCC_INLINES_ARE_PRIVATE_EXTERN = NO;
				GCC_OPTIMIZATION_LEVEL = 0;
				GCC_SYMBOLS_PRIVATE_EXTERN = NO;
				GCC_WARN_ABOUT_DEPRECATED_FUNCTIONS = YES;
				GCC_WARN_ABOUT_INVALID_OFFSETOF_MACRO = NO;
				GCC_WARN_ALLOW_INCOMPLETE_PROTOCOL = NO;
				GCC_WARN_UNINITIALIZED_AUTOS = NO;
				GCC_WARN_UNUSED_VALUE = NO;
				GCC_WARN_UNUSED_VARIABLE = NO;
				MACOSX_DEPLOYMENT_TARGET = 10.6;
				OTHER_CPLUSPLUSFLAGS = (
					"-D__MACOSX_CORE__",
					"-lpthread",
					"-mtune=native",
				);
				SDKROOT = macosx;
			};
			name = Debug;
		};
		E4B69B4F0A3A1720003C02F2 /* Release */ = {
			isa = XCBuildConfiguration;
			baseConfigurationReference = E4EB6923138AFD0F00A09F29 /* Project.xcconfig */;
			buildSettings = {
				ARCHS = "$(NATIVE_ARCH)";
				CONFIGURATION_BUILD_DIR = "$(SRCROOT)/bin/";
				COPY_PHASE_STRIP = YES;
				DEAD_CODE_STRIPPING = YES;
				GCC_AUTO_VECTORIZATION = YES;
				GCC_ENABLE_SSE3_EXTENSIONS = YES;
				GCC_ENABLE_SUPPLEMENTAL_SSE3_INSTRUCTIONS = YES;
				GCC_INLINES_ARE_PRIVATE_EXTERN = NO;
				GCC_OPTIMIZATION_LEVEL = 3;
				GCC_SYMBOLS_PRIVATE_EXTERN = NO;
				GCC_UNROLL_LOOPS = YES;
				GCC_WARN_ABOUT_DEPRECATED_FUNCTIONS = YES;
				GCC_WARN_ABOUT_INVALID_OFFSETOF_MACRO = NO;
				GCC_WARN_ALLOW_INCOMPLETE_PROTOCOL = NO;
				GCC_WARN_UNINITIALIZED_AUTOS = NO;
				GCC_WARN_UNUSED_VALUE = NO;
				GCC_WARN_UNUSED_VARIABLE = NO;
				MACOSX_DEPLOYMENT_TARGET = 10.6;
				OTHER_CPLUSPLUSFLAGS = (
					"-D__MACOSX_CORE__",
					"-lpthread",
					"-mtune=native",
				);
				SDKROOT = macosx;
			};
			name = Release;
		};
		E4B69B600A3A1757003C02F2 /* Debug */ = {
			isa = XCBuildConfiguration;
			buildSettings = {
				COMBINE_HIDPI_IMAGES = YES;
				COPY_PHASE_STRIP = NO;
				FRAMEWORK_SEARCH_PATHS = (
					"$(inherited)",
					"$(FRAMEWORK_SEARCH_PATHS_QUOTED_FOR_TARGET_1)",
				);
				FRAMEWORK_SEARCH_PATHS_QUOTED_FOR_TARGET_1 = "\"$(SRCROOT)/../../../libs/glut/lib/osx\"";
				GCC_DYNAMIC_NO_PIC = NO;
				GCC_GENERATE_DEBUGGING_SYMBOLS = YES;
				GCC_MODEL_TUNING = NONE;
				HEADER_SEARCH_PATHS = (
					"$(OF_CORE_HEADERS)",
					../../../addons/ofxOsc/libs,
					../../../addons/ofxOsc/libs/oscpack/,
					../../../addons/ofxOsc/libs/oscpack/src/,
					../../../addons/ofxOsc/libs/oscpack/src/ip,
					../../../addons/ofxOsc/libs/oscpack/src/ip/posix,
					../../../addons/ofxOsc/libs/oscpack/src/ip/win32,
					../../../addons/ofxOsc/libs/oscpack/src/osc,
					../../../addons/ofxOsc/src,
					src,
				);
				ICON = "$(ICON_NAME_DEBUG)";
				ICON_FILE = "$(ICON_FILE_PATH)$(ICON)";
				INFOPLIST_FILE = "openFrameworks-Info.plist";
				INSTALL_PATH = "$(HOME)/Applications";
				LIBRARY_SEARCH_PATHS = (
					"$(inherited)",
					"$(LIBRARY_SEARCH_PATHS_QUOTED_FOR_TARGET_1)",
					"$(LIBRARY_SEARCH_PATHS_QUOTED_FOR_TARGET_2)",
					"$(LIBRARY_SEARCH_PATHS_QUOTED_FOR_TARGET_3)",
					"$(LIBRARY_SEARCH_PATHS_QUOTED_FOR_TARGET_4)",
					"$(LIBRARY_SEARCH_PATHS_QUOTED_FOR_TARGET_5)",
					"$(LIBRARY_SEARCH_PATHS_QUOTED_FOR_TARGET_6)",
					"$(LIBRARY_SEARCH_PATHS_QUOTED_FOR_TARGET_7)",
					"$(LIBRARY_SEARCH_PATHS_QUOTED_FOR_TARGET_8)",
					"$(LIBRARY_SEARCH_PATHS_QUOTED_FOR_TARGET_9)",
					"$(LIBRARY_SEARCH_PATHS_QUOTED_FOR_TARGET_10)",
					"$(LIBRARY_SEARCH_PATHS_QUOTED_FOR_TARGET_11)",
					"$(LIBRARY_SEARCH_PATHS_QUOTED_FOR_TARGET_12)",
					"$(LIBRARY_SEARCH_PATHS_QUOTED_FOR_TARGET_13)",
					"$(LIBRARY_SEARCH_PATHS_QUOTED_FOR_TARGET_14)",
					"$(LIBRARY_SEARCH_PATHS_QUOTED_FOR_TARGET_15)",
					"$(LIBRARY_SEARCH_PATHS_QUOTED_FOR_TARGET_2)",
					"$(LIBRARY_SEARCH_PATHS_QUOTED_FOR_TARGET_3)",
					"$(LIBRARY_SEARCH_PATHS_QUOTED_FOR_TARGET_7)",
					"$(LIBRARY_SEARCH_PATHS_QUOTED_FOR_TARGET_8)",
					"$(LIBRARY_SEARCH_PATHS_QUOTED_FOR_TARGET_9)",
					"$(LIBRARY_SEARCH_PATHS_QUOTED_FOR_TARGET_10)",
					"$(LIBRARY_SEARCH_PATHS_QUOTED_FOR_TARGET_11)",
					"$(LIBRARY_SEARCH_PATHS_QUOTED_FOR_TARGET_12)",
					"$(LIBRARY_SEARCH_PATHS_QUOTED_FOR_TARGET_13)",
					"$(LIBRARY_SEARCH_PATHS_QUOTED_FOR_TARGET_16)",
					"$(LIBRARY_SEARCH_PATHS_QUOTED_FOR_TARGET_17)",
					"$(LIBRARY_SEARCH_PATHS_QUOTED_FOR_TARGET_18)",
					"$(LIBRARY_SEARCH_PATHS_QUOTED_FOR_TARGET_19)",
					"$(LIBRARY_SEARCH_PATHS_QUOTED_FOR_TARGET_20)",
					"$(LIBRARY_SEARCH_PATHS_QUOTED_FOR_TARGET_21)",
					"$(LIBRARY_SEARCH_PATHS_QUOTED_FOR_TARGET_22)",
					"$(LIBRARY_SEARCH_PATHS_QUOTED_FOR_TARGET_23)",
					"$(LIBRARY_SEARCH_PATHS_QUOTED_FOR_TARGET_24)",
					"$(LIBRARY_SEARCH_PATHS_QUOTED_FOR_TARGET_25)",
					"$(LIBRARY_SEARCH_PATHS_QUOTED_FOR_TARGET_26)",
					"$(LIBRARY_SEARCH_PATHS_QUOTED_FOR_TARGET_27)",
					"$(LIBRARY_SEARCH_PATHS_QUOTED_FOR_TARGET_28)",
					"$(LIBRARY_SEARCH_PATHS_QUOTED_FOR_TARGET_29)",
					"$(LIBRARY_SEARCH_PATHS_QUOTED_FOR_TARGET_30)",
					"$(LIBRARY_SEARCH_PATHS_QUOTED_FOR_TARGET_31)",
					"$(LIBRARY_SEARCH_PATHS_QUOTED_FOR_TARGET_32)",
					"$(LIBRARY_SEARCH_PATHS_QUOTED_FOR_TARGET_33)",
					"$(LIBRARY_SEARCH_PATHS_QUOTED_FOR_TARGET_34)",
					"$(LIBRARY_SEARCH_PATHS_QUOTED_FOR_TARGET_35)",
					"$(LIBRARY_SEARCH_PATHS_QUOTED_FOR_TARGET_36)",
					"$(LIBRARY_SEARCH_PATHS_QUOTED_FOR_TARGET_37)",
					"$(LIBRARY_SEARCH_PATHS_QUOTED_FOR_TARGET_38)",
					"$(LIBRARY_SEARCH_PATHS_QUOTED_FOR_TARGET_39)",
					"$(LIBRARY_SEARCH_PATHS_QUOTED_FOR_TARGET_40)",
					"$(LIBRARY_SEARCH_PATHS_QUOTED_FOR_TARGET_41)",
					"$(LIBRARY_SEARCH_PATHS_QUOTED_FOR_TARGET_42)",
					"$(LIBRARY_SEARCH_PATHS_QUOTED_FOR_TARGET_43)",
					"$(LIBRARY_SEARCH_PATHS_QUOTED_FOR_TARGET_44)",
					"$(LIBRARY_SEARCH_PATHS_QUOTED_FOR_TARGET_45)",
					"$(LIBRARY_SEARCH_PATHS_QUOTED_FOR_TARGET_46)",
					"$(LIBRARY_SEARCH_PATHS_QUOTED_FOR_TARGET_47)",
					"$(LIBRARY_SEARCH_PATHS_QUOTED_FOR_TARGET_48)",
					"$(LIBRARY_SEARCH_PATHS_QUOTED_FOR_TARGET_49)",
					"$(LIBRARY_SEARCH_PATHS_QUOTED_FOR_TARGET_50)",
					"$(LIBRARY_SEARCH_PATHS_QUOTED_FOR_TARGET_51)",
					"$(LIBRARY_SEARCH_PATHS_QUOTED_FOR_TARGET_52)",
					/Users/naotone/openFrameworks/of_v0.8.4_SFPC/addons/ofxOpenCv/libs/opencv/lib/osx,
				);
				PRODUCT_NAME = "$(TARGET_NAME)Debug";
				USER_HEADER_SEARCH_PATHS = "../../../addons/ofxCv/../ofxOpenCv/libs/opencv/include ../../../addons/ofxCv/libs/CLD/include/ ../../../addons/ofxCv/libs/ofxCv/include/ ../../../addons/ofxOpenCv/libs/opencv/include/";
				WRAPPER_EXTENSION = app;
			};
			name = Debug;
		};
		E4B69B610A3A1757003C02F2 /* Release */ = {
			isa = XCBuildConfiguration;
			buildSettings = {
				COMBINE_HIDPI_IMAGES = YES;
				COPY_PHASE_STRIP = YES;
				FRAMEWORK_SEARCH_PATHS = (
					"$(inherited)",
					"$(FRAMEWORK_SEARCH_PATHS_QUOTED_FOR_TARGET_1)",
				);
				FRAMEWORK_SEARCH_PATHS_QUOTED_FOR_TARGET_1 = "\"$(SRCROOT)/../../../libs/glut/lib/osx\"";
				GCC_GENERATE_DEBUGGING_SYMBOLS = YES;
				GCC_MODEL_TUNING = NONE;
				HEADER_SEARCH_PATHS = (
					"$(OF_CORE_HEADERS)",
					../../../addons/ofxOsc/libs,
					../../../addons/ofxOsc/libs/oscpack/,
					../../../addons/ofxOsc/libs/oscpack/src/,
					../../../addons/ofxOsc/libs/oscpack/src/ip,
					../../../addons/ofxOsc/libs/oscpack/src/ip/posix,
					../../../addons/ofxOsc/libs/oscpack/src/ip/win32,
					../../../addons/ofxOsc/libs/oscpack/src/osc,
					../../../addons/ofxOsc/src,
					src,
				);
				ICON = "$(ICON_NAME_RELEASE)";
				ICON_FILE = "$(ICON_FILE_PATH)$(ICON)";
				INFOPLIST_FILE = "openFrameworks-Info.plist";
				INSTALL_PATH = "$(HOME)/Applications";
				LIBRARY_SEARCH_PATHS = (
					"$(inherited)",
					"$(LIBRARY_SEARCH_PATHS_QUOTED_FOR_TARGET_1)",
					"$(LIBRARY_SEARCH_PATHS_QUOTED_FOR_TARGET_2)",
					"$(LIBRARY_SEARCH_PATHS_QUOTED_FOR_TARGET_3)",
					"$(LIBRARY_SEARCH_PATHS_QUOTED_FOR_TARGET_4)",
					"$(LIBRARY_SEARCH_PATHS_QUOTED_FOR_TARGET_5)",
					"$(LIBRARY_SEARCH_PATHS_QUOTED_FOR_TARGET_6)",
					"$(LIBRARY_SEARCH_PATHS_QUOTED_FOR_TARGET_7)",
					"$(LIBRARY_SEARCH_PATHS_QUOTED_FOR_TARGET_8)",
					"$(LIBRARY_SEARCH_PATHS_QUOTED_FOR_TARGET_9)",
					"$(LIBRARY_SEARCH_PATHS_QUOTED_FOR_TARGET_10)",
					"$(LIBRARY_SEARCH_PATHS_QUOTED_FOR_TARGET_11)",
					"$(LIBRARY_SEARCH_PATHS_QUOTED_FOR_TARGET_12)",
					"$(LIBRARY_SEARCH_PATHS_QUOTED_FOR_TARGET_13)",
					"$(LIBRARY_SEARCH_PATHS_QUOTED_FOR_TARGET_14)",
					"$(LIBRARY_SEARCH_PATHS_QUOTED_FOR_TARGET_15)",
					"$(LIBRARY_SEARCH_PATHS_QUOTED_FOR_TARGET_2)",
					"$(LIBRARY_SEARCH_PATHS_QUOTED_1)",
					"$(LIBRARY_SEARCH_PATHS_QUOTED_FOR_TARGET_3)",
					"$(LIBRARY_SEARCH_PATHS_QUOTED_FOR_TARGET_7)",
					"$(LIBRARY_SEARCH_PATHS_QUOTED_FOR_TARGET_8)",
					"$(LIBRARY_SEARCH_PATHS_QUOTED_FOR_TARGET_9)",
					"$(LIBRARY_SEARCH_PATHS_QUOTED_FOR_TARGET_10)",
					"$(LIBRARY_SEARCH_PATHS_QUOTED_FOR_TARGET_11)",
					"$(LIBRARY_SEARCH_PATHS_QUOTED_FOR_TARGET_12)",
					"$(LIBRARY_SEARCH_PATHS_QUOTED_FOR_TARGET_13)",
					"$(LIBRARY_SEARCH_PATHS_QUOTED_FOR_TARGET_16)",
					"$(LIBRARY_SEARCH_PATHS_QUOTED_FOR_TARGET_17)",
					"$(LIBRARY_SEARCH_PATHS_QUOTED_FOR_TARGET_18)",
					"$(LIBRARY_SEARCH_PATHS_QUOTED_FOR_TARGET_19)",
					"$(LIBRARY_SEARCH_PATHS_QUOTED_FOR_TARGET_20)",
					"$(LIBRARY_SEARCH_PATHS_QUOTED_FOR_TARGET_21)",
					"$(LIBRARY_SEARCH_PATHS_QUOTED_FOR_TARGET_22)",
					"$(LIBRARY_SEARCH_PATHS_QUOTED_FOR_TARGET_23)",
					"$(LIBRARY_SEARCH_PATHS_QUOTED_FOR_TARGET_24)",
					"$(LIBRARY_SEARCH_PATHS_QUOTED_FOR_TARGET_25)",
					"$(LIBRARY_SEARCH_PATHS_QUOTED_FOR_TARGET_26)",
					"$(LIBRARY_SEARCH_PATHS_QUOTED_FOR_TARGET_27)",
					"$(LIBRARY_SEARCH_PATHS_QUOTED_FOR_TARGET_28)",
					"$(LIBRARY_SEARCH_PATHS_QUOTED_FOR_TARGET_29)",
					"$(LIBRARY_SEARCH_PATHS_QUOTED_FOR_TARGET_30)",
					"$(LIBRARY_SEARCH_PATHS_QUOTED_FOR_TARGET_31)",
					"$(LIBRARY_SEARCH_PATHS_QUOTED_FOR_TARGET_32)",
					"$(LIBRARY_SEARCH_PATHS_QUOTED_FOR_TARGET_33)",
					"$(LIBRARY_SEARCH_PATHS_QUOTED_FOR_TARGET_34)",
					"$(LIBRARY_SEARCH_PATHS_QUOTED_FOR_TARGET_35)",
					"$(LIBRARY_SEARCH_PATHS_QUOTED_FOR_TARGET_36)",
					"$(LIBRARY_SEARCH_PATHS_QUOTED_FOR_TARGET_37)",
					"$(LIBRARY_SEARCH_PATHS_QUOTED_FOR_TARGET_38)",
					"$(LIBRARY_SEARCH_PATHS_QUOTED_FOR_TARGET_39)",
					"$(LIBRARY_SEARCH_PATHS_QUOTED_FOR_TARGET_40)",
					"$(LIBRARY_SEARCH_PATHS_QUOTED_FOR_TARGET_41)",
					"$(LIBRARY_SEARCH_PATHS_QUOTED_FOR_TARGET_42)",
					"$(LIBRARY_SEARCH_PATHS_QUOTED_FOR_TARGET_43)",
					"$(LIBRARY_SEARCH_PATHS_QUOTED_FOR_TARGET_44)",
					"$(LIBRARY_SEARCH_PATHS_QUOTED_FOR_TARGET_45)",
					"$(LIBRARY_SEARCH_PATHS_QUOTED_FOR_TARGET_46)",
					"$(LIBRARY_SEARCH_PATHS_QUOTED_FOR_TARGET_47)",
					"$(LIBRARY_SEARCH_PATHS_QUOTED_FOR_TARGET_48)",
					"$(LIBRARY_SEARCH_PATHS_QUOTED_FOR_TARGET_49)",
					"$(LIBRARY_SEARCH_PATHS_QUOTED_FOR_TARGET_50)",
					"$(LIBRARY_SEARCH_PATHS_QUOTED_FOR_TARGET_51)",
					/Users/naotone/openFrameworks/of_v0.8.4_SFPC/addons/ofxOpenCv/libs/opencv/lib/osx,
				);
				PRODUCT_NAME = "$(TARGET_NAME)";
				USER_HEADER_SEARCH_PATHS = "../../../addons/ofxCv/../ofxOpenCv/libs/opencv/include ../../../addons/ofxCv/libs/CLD/include/ ../../../addons/ofxCv/libs/ofxCv/include/ ../../../addons/ofxOpenCv/libs/opencv/include/";
				WRAPPER_EXTENSION = app;
			};
			name = Release;
		};
/* End XCBuildConfiguration section */

/* Begin XCConfigurationList section */
		E4B69B4D0A3A1720003C02F2 /* Build configuration list for PBXProject "finalProject" */ = {
			isa = XCConfigurationList;
			buildConfigurations = (
				E4B69B4E0A3A1720003C02F2 /* Debug */,
				E4B69B4F0A3A1720003C02F2 /* Release */,
			);
			defaultConfigurationIsVisible = 0;
			defaultConfigurationName = Release;
		};
		E4B69B5F0A3A1757003C02F2 /* Build configuration list for PBXNativeTarget "finalProject" */ = {
			isa = XCConfigurationList;
			buildConfigurations = (
				E4B69B600A3A1757003C02F2 /* Debug */,
				E4B69B610A3A1757003C02F2 /* Release */,
			);
			defaultConfigurationIsVisible = 0;
			defaultConfigurationName = Release;
		};
/* End XCConfigurationList section */
	};
	rootObject = E4B69B4C0A3A1720003C02F2 /* Project object */;
}
